// !$*UTF8*$!
{
	archiveVersion = 1;
	classes = {
	};
	objectVersion = 50;
	objects = {

/* Begin PBXBuildFile section */
		2A61884423A5AAA80041D493 /* testWatch2 WatchKit App.app in Embed Watch Content */ = {isa = PBXBuildFile; fileRef = 2A61884323A5AAA80041D493 /* testWatch2 WatchKit App.app */; settings = {ATTRIBUTES = (RemoveHeadersOnCopy, ); }; };
		2A61884A23A5AAA80041D493 /* Interface.storyboard in Resources */ = {isa = PBXBuildFile; fileRef = 2A61884823A5AAA80041D493 /* Interface.storyboard */; };
		2A61884C23A5AAAA0041D493 /* Assets.xcassets in Resources */ = {isa = PBXBuildFile; fileRef = 2A61884B23A5AAAA0041D493 /* Assets.xcassets */; };
		2A61885323A5AAAB0041D493 /* testWatch2 WatchKit Extension.appex in Embed App Extensions */ = {isa = PBXBuildFile; fileRef = 2A61885223A5AAAB0041D493 /* testWatch2 WatchKit Extension.appex */; settings = {ATTRIBUTES = (RemoveHeadersOnCopy, ); }; };
		2A61885823A5AAAB0041D493 /* ContentView.swift in Sources */ = {isa = PBXBuildFile; fileRef = 2A61885723A5AAAB0041D493 /* ContentView.swift */; };
		2A61885A23A5AAAB0041D493 /* HostingController.swift in Sources */ = {isa = PBXBuildFile; fileRef = 2A61885923A5AAAB0041D493 /* HostingController.swift */; };
		2A61885C23A5AAAB0041D493 /* ExtensionDelegate.swift in Sources */ = {isa = PBXBuildFile; fileRef = 2A61885B23A5AAAB0041D493 /* ExtensionDelegate.swift */; };
		2A61885E23A5AAAB0041D493 /* NotificationController.swift in Sources */ = {isa = PBXBuildFile; fileRef = 2A61885D23A5AAAB0041D493 /* NotificationController.swift */; };
		2A61886023A5AAAB0041D493 /* NotificationView.swift in Sources */ = {isa = PBXBuildFile; fileRef = 2A61885F23A5AAAB0041D493 /* NotificationView.swift */; };
		2A61886223A5AAAC0041D493 /* Assets.xcassets in Resources */ = {isa = PBXBuildFile; fileRef = 2A61886123A5AAAC0041D493 /* Assets.xcassets */; };
		2A61886523A5AAAC0041D493 /* Preview Assets.xcassets in Resources */ = {isa = PBXBuildFile; fileRef = 2A61886423A5AAAC0041D493 /* Preview Assets.xcassets */; };
		2A61889D23A5B9DF0041D493 /* HomeViewListRow.swift in Sources */ = {isa = PBXBuildFile; fileRef = 2A61889C23A5B9DF0041D493 /* HomeViewListRow.swift */; };
		2A61889F23A5BA730041D493 /* IdeaSample.swift in Sources */ = {isa = PBXBuildFile; fileRef = 2A61889E23A5BA730041D493 /* IdeaSample.swift */; };
		2A6188A123A5BAAF0041D493 /* AnimatedBackground.swift in Sources */ = {isa = PBXBuildFile; fileRef = 2A6188A023A5BAAF0041D493 /* AnimatedBackground.swift */; };
		2A6188A523A5DCD80041D493 /* IdeaViewModel.swift in Sources */ = {isa = PBXBuildFile; fileRef = 2A6188A423A5DCD80041D493 /* IdeaViewModel.swift */; };
		2A6188A823A5DE770041D493 /* IdeaModelSwift.swift in Sources */ = {isa = PBXBuildFile; fileRef = 2A6188A723A5DE770041D493 /* IdeaModelSwift.swift */; };
		2AFA42D923AB29CD007ADD58 /* SharedCode.framework in Frameworks */ = {isa = PBXBuildFile; fileRef = 2A61889A23A5B8850041D493 /* SharedCode.framework */; };
		2AFA42DA23AB29CD007ADD58 /* SharedCode.framework in Embed Frameworks */ = {isa = PBXBuildFile; fileRef = 2A61889A23A5B8850041D493 /* SharedCode.framework */; settings = {ATTRIBUTES = (CodeSignOnCopy, RemoveHeadersOnCopy, ); }; };
		2AFA42DE23AC5F47007ADD58 /* SharedCode.framework in Frameworks */ = {isa = PBXBuildFile; fileRef = 2A61889A23A5B8850041D493 /* SharedCode.framework */; };
		2AFA42DF23AC5F47007ADD58 /* SharedCode.framework in Embed Frameworks */ = {isa = PBXBuildFile; fileRef = 2A61889A23A5B8850041D493 /* SharedCode.framework */; settings = {ATTRIBUTES = (CodeSignOnCopy, RemoveHeadersOnCopy, ); }; };
/* End PBXBuildFile section */

/* Begin PBXContainerItemProxy section */
		2A61884523A5AAA80041D493 /* PBXContainerItemProxy */ = {
			isa = PBXContainerItemProxy;
			containerPortal = 2A61883923A5AAA80041D493 /* Project object */;
			proxyType = 1;
			remoteGlobalIDString = 2A61884223A5AAA80041D493;
			remoteInfo = "testWatch2 WatchKit App";
		};
		2A61885423A5AAAB0041D493 /* PBXContainerItemProxy */ = {
			isa = PBXContainerItemProxy;
			containerPortal = 2A61883923A5AAA80041D493 /* Project object */;
			proxyType = 1;
			remoteGlobalIDString = 2A61885123A5AAAB0041D493;
			remoteInfo = "testWatch2 WatchKit Extension";
		};
/* End PBXContainerItemProxy section */

/* Begin PBXCopyFilesBuildPhase section */
		2A61886D23A5AAAC0041D493 /* Embed App Extensions */ = {
			isa = PBXCopyFilesBuildPhase;
			buildActionMask = 2147483647;
			dstPath = "";
			dstSubfolderSpec = 13;
			files = (
				2A61885323A5AAAB0041D493 /* testWatch2 WatchKit Extension.appex in Embed App Extensions */,
			);
			name = "Embed App Extensions";
			runOnlyForDeploymentPostprocessing = 0;
		};
		2A61887123A5AAAC0041D493 /* Embed Watch Content */ = {
			isa = PBXCopyFilesBuildPhase;
			buildActionMask = 2147483647;
			dstPath = "$(CONTENTS_FOLDER_PATH)/Watch";
			dstSubfolderSpec = 16;
			files = (
				2A61884423A5AAA80041D493 /* testWatch2 WatchKit App.app in Embed Watch Content */,
			);
			name = "Embed Watch Content";
			runOnlyForDeploymentPostprocessing = 0;
		};
		2AFA42DB23AB29CD007ADD58 /* Embed Frameworks */ = {
			isa = PBXCopyFilesBuildPhase;
			buildActionMask = 2147483647;
			dstPath = "";
			dstSubfolderSpec = 10;
			files = (
				2AFA42DA23AB29CD007ADD58 /* SharedCode.framework in Embed Frameworks */,
			);
			name = "Embed Frameworks";
			runOnlyForDeploymentPostprocessing = 0;
		};
		2AFA42E023AC5F47007ADD58 /* Embed Frameworks */ = {
			isa = PBXCopyFilesBuildPhase;
			buildActionMask = 2147483647;
			dstPath = "";
			dstSubfolderSpec = 10;
			files = (
				2AFA42DF23AC5F47007ADD58 /* SharedCode.framework in Embed Frameworks */,
			);
			name = "Embed Frameworks";
			runOnlyForDeploymentPostprocessing = 0;
		};
/* End PBXCopyFilesBuildPhase section */

/* Begin PBXFileReference section */
		2A61883F23A5AAA80041D493 /* testWatch2.app */ = {isa = PBXFileReference; explicitFileType = wrapper.application; includeInIndex = 0; path = testWatch2.app; sourceTree = BUILT_PRODUCTS_DIR; };
		2A61884323A5AAA80041D493 /* testWatch2 WatchKit App.app */ = {isa = PBXFileReference; explicitFileType = wrapper.application; includeInIndex = 0; path = "testWatch2 WatchKit App.app"; sourceTree = BUILT_PRODUCTS_DIR; };
		2A61884923A5AAA80041D493 /* Base */ = {isa = PBXFileReference; lastKnownFileType = file.storyboard; name = Base; path = Base.lproj/Interface.storyboard; sourceTree = "<group>"; };
		2A61884B23A5AAAA0041D493 /* Assets.xcassets */ = {isa = PBXFileReference; lastKnownFileType = folder.assetcatalog; path = Assets.xcassets; sourceTree = "<group>"; };
		2A61884D23A5AAAA0041D493 /* Info.plist */ = {isa = PBXFileReference; lastKnownFileType = text.plist.xml; path = Info.plist; sourceTree = "<group>"; };
		2A61885223A5AAAB0041D493 /* testWatch2 WatchKit Extension.appex */ = {isa = PBXFileReference; explicitFileType = "wrapper.app-extension"; includeInIndex = 0; path = "testWatch2 WatchKit Extension.appex"; sourceTree = BUILT_PRODUCTS_DIR; };
		2A61885723A5AAAB0041D493 /* ContentView.swift */ = {isa = PBXFileReference; lastKnownFileType = sourcecode.swift; path = ContentView.swift; sourceTree = "<group>"; };
		2A61885923A5AAAB0041D493 /* HostingController.swift */ = {isa = PBXFileReference; lastKnownFileType = sourcecode.swift; path = HostingController.swift; sourceTree = "<group>"; };
		2A61885B23A5AAAB0041D493 /* ExtensionDelegate.swift */ = {isa = PBXFileReference; lastKnownFileType = sourcecode.swift; path = ExtensionDelegate.swift; sourceTree = "<group>"; };
		2A61885D23A5AAAB0041D493 /* NotificationController.swift */ = {isa = PBXFileReference; lastKnownFileType = sourcecode.swift; path = NotificationController.swift; sourceTree = "<group>"; };
		2A61885F23A5AAAB0041D493 /* NotificationView.swift */ = {isa = PBXFileReference; lastKnownFileType = sourcecode.swift; path = NotificationView.swift; sourceTree = "<group>"; };
		2A61886123A5AAAC0041D493 /* Assets.xcassets */ = {isa = PBXFileReference; lastKnownFileType = folder.assetcatalog; path = Assets.xcassets; sourceTree = "<group>"; };
		2A61886423A5AAAC0041D493 /* Preview Assets.xcassets */ = {isa = PBXFileReference; lastKnownFileType = folder.assetcatalog; path = "Preview Assets.xcassets"; sourceTree = "<group>"; };
		2A61886623A5AAAC0041D493 /* Info.plist */ = {isa = PBXFileReference; lastKnownFileType = text.plist.xml; path = Info.plist; sourceTree = "<group>"; };
		2A61886723A5AAAC0041D493 /* PushNotificationPayload.apns */ = {isa = PBXFileReference; lastKnownFileType = text; path = PushNotificationPayload.apns; sourceTree = "<group>"; };
		2A61889723A5B8460041D493 /* SharedCode.framework */ = {isa = PBXFileReference; lastKnownFileType = wrapper.framework; path = SharedCode.framework; sourceTree = "<group>"; };
		2A61889A23A5B8850041D493 /* SharedCode.framework */ = {isa = PBXFileReference; lastKnownFileType = wrapper.framework; name = SharedCode.framework; path = "../kinsight-multiplatform/SharedCode/build/bin/watchosX86/debugFramework/SharedCode.framework"; sourceTree = "<group>"; };
		2A61889C23A5B9DF0041D493 /* HomeViewListRow.swift */ = {isa = PBXFileReference; lastKnownFileType = sourcecode.swift; path = HomeViewListRow.swift; sourceTree = "<group>"; };
		2A61889E23A5BA730041D493 /* IdeaSample.swift */ = {isa = PBXFileReference; lastKnownFileType = sourcecode.swift; path = IdeaSample.swift; sourceTree = "<group>"; };
		2A6188A023A5BAAF0041D493 /* AnimatedBackground.swift */ = {isa = PBXFileReference; lastKnownFileType = sourcecode.swift; path = AnimatedBackground.swift; sourceTree = "<group>"; };
		2A6188A423A5DCD80041D493 /* IdeaViewModel.swift */ = {isa = PBXFileReference; lastKnownFileType = sourcecode.swift; path = IdeaViewModel.swift; sourceTree = "<group>"; };
		2A6188A723A5DE770041D493 /* IdeaModelSwift.swift */ = {isa = PBXFileReference; lastKnownFileType = sourcecode.swift; path = IdeaModelSwift.swift; sourceTree = "<group>"; };
/* End PBXFileReference section */

/* Begin PBXFrameworksBuildPhase section */
		2A61884F23A5AAAB0041D493 /* Frameworks */ = {
			isa = PBXFrameworksBuildPhase;
			buildActionMask = 2147483647;
			files = (
				2AFA42DE23AC5F47007ADD58 /* SharedCode.framework in Frameworks */,
			);
			runOnlyForDeploymentPostprocessing = 0;
		};
		2A61888223A5ADF10041D493 /* Frameworks */ = {
			isa = PBXFrameworksBuildPhase;
			buildActionMask = 2147483647;
			files = (
				2AFA42D923AB29CD007ADD58 /* SharedCode.framework in Frameworks */,
			);
			runOnlyForDeploymentPostprocessing = 0;
		};
/* End PBXFrameworksBuildPhase section */

/* Begin PBXGroup section */
		2A61883823A5AAA80041D493 = {
			isa = PBXGroup;
			children = (
				2A61889A23A5B8850041D493 /* SharedCode.framework */,
				2A61884723A5AAA80041D493 /* testWatch2 WatchKit App */,
				2A61885623A5AAAB0041D493 /* testWatch2 WatchKit Extension */,
				2A61884023A5AAA80041D493 /* Products */,
				2A61887923A5ADCA0041D493 /* Frameworks */,
			);
			sourceTree = "<group>";
		};
		2A61884023A5AAA80041D493 /* Products */ = {
			isa = PBXGroup;
			children = (
				2A61883F23A5AAA80041D493 /* testWatch2.app */,
				2A61884323A5AAA80041D493 /* testWatch2 WatchKit App.app */,
				2A61885223A5AAAB0041D493 /* testWatch2 WatchKit Extension.appex */,
			);
			name = Products;
			sourceTree = "<group>";
		};
		2A61884723A5AAA80041D493 /* testWatch2 WatchKit App */ = {
			isa = PBXGroup;
			children = (
				2A61884823A5AAA80041D493 /* Interface.storyboard */,
				2A61884B23A5AAAA0041D493 /* Assets.xcassets */,
				2A61884D23A5AAAA0041D493 /* Info.plist */,
			);
			path = "testWatch2 WatchKit App";
			sourceTree = "<group>";
		};
		2A61885623A5AAAB0041D493 /* testWatch2 WatchKit Extension */ = {
			isa = PBXGroup;
			children = (
				2A6188A623A5DE640041D493 /* Models */,
				2A6188A323A5DCBF0041D493 /* ViewModels */,
				2A61885723A5AAAB0041D493 /* ContentView.swift */,
				2A61885923A5AAAB0041D493 /* HostingController.swift */,
				2A61885B23A5AAAB0041D493 /* ExtensionDelegate.swift */,
				2A61885D23A5AAAB0041D493 /* NotificationController.swift */,
				2A61885F23A5AAAB0041D493 /* NotificationView.swift */,
				2A61886123A5AAAC0041D493 /* Assets.xcassets */,
				2A61886623A5AAAC0041D493 /* Info.plist */,
				2A61886723A5AAAC0041D493 /* PushNotificationPayload.apns */,
				2A61886323A5AAAC0041D493 /* Preview Content */,
				2A61889C23A5B9DF0041D493 /* HomeViewListRow.swift */,
				2A61889E23A5BA730041D493 /* IdeaSample.swift */,
				2A6188A023A5BAAF0041D493 /* AnimatedBackground.swift */,
			);
			path = "testWatch2 WatchKit Extension";
			sourceTree = "<group>";
		};
		2A61886323A5AAAC0041D493 /* Preview Content */ = {
			isa = PBXGroup;
			children = (
				2A61886423A5AAAC0041D493 /* Preview Assets.xcassets */,
			);
			path = "Preview Content";
			sourceTree = "<group>";
		};
		2A61887923A5ADCA0041D493 /* Frameworks */ = {
			isa = PBXGroup;
			children = (
				2A61889723A5B8460041D493 /* SharedCode.framework */,
			);
			name = Frameworks;
			sourceTree = "<group>";
		};
		2A6188A323A5DCBF0041D493 /* ViewModels */ = {
			isa = PBXGroup;
			children = (
				2A6188A423A5DCD80041D493 /* IdeaViewModel.swift */,
			);
			path = ViewModels;
			sourceTree = "<group>";
		};
		2A6188A623A5DE640041D493 /* Models */ = {
			isa = PBXGroup;
			children = (
				2A6188A723A5DE770041D493 /* IdeaModelSwift.swift */,
			);
			path = Models;
			sourceTree = "<group>";
		};
/* End PBXGroup section */

/* Begin PBXNativeTarget section */
		2A61883E23A5AAA80041D493 /* testWatch2 */ = {
			isa = PBXNativeTarget;
			buildConfigurationList = 2A61887223A5AAAC0041D493 /* Build configuration list for PBXNativeTarget "testWatch2" */;
			buildPhases = (
				2A61883D23A5AAA80041D493 /* Resources */,
				2A61887123A5AAAC0041D493 /* Embed Watch Content */,
			);
			buildRules = (
			);
			dependencies = (
				2A61884623A5AAA80041D493 /* PBXTargetDependency */,
			);
			name = testWatch2;
			productName = testWatch2;
			productReference = 2A61883F23A5AAA80041D493 /* testWatch2.app */;
			productType = "com.apple.product-type.application.watchapp2-container";
		};
		2A61884223A5AAA80041D493 /* testWatch2 WatchKit App */ = {
			isa = PBXNativeTarget;
			buildConfigurationList = 2A61886E23A5AAAC0041D493 /* Build configuration list for PBXNativeTarget "testWatch2 WatchKit App" */;
			buildPhases = (
				2A61884123A5AAA80041D493 /* Resources */,
				2A61886D23A5AAAC0041D493 /* Embed App Extensions */,
				2A61888223A5ADF10041D493 /* Frameworks */,
				2AFA42DB23AB29CD007ADD58 /* Embed Frameworks */,
			);
			buildRules = (
			);
			dependencies = (
				2A61885523A5AAAB0041D493 /* PBXTargetDependency */,
			);
			name = "testWatch2 WatchKit App";
			productName = "testWatch2 WatchKit App";
			productReference = 2A61884323A5AAA80041D493 /* testWatch2 WatchKit App.app */;
			productType = "com.apple.product-type.application.watchapp2";
		};
		2A61885123A5AAAB0041D493 /* testWatch2 WatchKit Extension */ = {
			isa = PBXNativeTarget;
			buildConfigurationList = 2A61886A23A5AAAC0041D493 /* Build configuration list for PBXNativeTarget "testWatch2 WatchKit Extension" */;
			buildPhases = (
				2A61884E23A5AAAB0041D493 /* Sources */,
				2A61884F23A5AAAB0041D493 /* Frameworks */,
				2A61885023A5AAAB0041D493 /* Resources */,
				2AFA42E023AC5F47007ADD58 /* Embed Frameworks */,
			);
			buildRules = (
			);
			dependencies = (
			);
			name = "testWatch2 WatchKit Extension";
			productName = "testWatch2 WatchKit Extension";
			productReference = 2A61885223A5AAAB0041D493 /* testWatch2 WatchKit Extension.appex */;
			productType = "com.apple.product-type.watchkit2-extension";
		};
/* End PBXNativeTarget section */

/* Begin PBXProject section */
		2A61883923A5AAA80041D493 /* Project object */ = {
			isa = PBXProject;
			attributes = {
				LastSwiftUpdateCheck = 1110;
				LastUpgradeCheck = 1110;
				ORGANIZATIONNAME = spb;
				TargetAttributes = {
					2A61883E23A5AAA80041D493 = {
						CreatedOnToolsVersion = 11.1;
					};
					2A61884223A5AAA80041D493 = {
						CreatedOnToolsVersion = 11.1;
					};
					2A61885123A5AAAB0041D493 = {
						CreatedOnToolsVersion = 11.1;
					};
				};
			};
			buildConfigurationList = 2A61883C23A5AAA80041D493 /* Build configuration list for PBXProject "testWatch2" */;
			compatibilityVersion = "Xcode 9.3";
			developmentRegion = en;
			hasScannedForEncodings = 0;
			knownRegions = (
				en,
				Base,
			);
			mainGroup = 2A61883823A5AAA80041D493;
			productRefGroup = 2A61884023A5AAA80041D493 /* Products */;
			projectDirPath = "";
			projectRoot = "";
			targets = (
				2A61883E23A5AAA80041D493 /* testWatch2 */,
				2A61884223A5AAA80041D493 /* testWatch2 WatchKit App */,
				2A61885123A5AAAB0041D493 /* testWatch2 WatchKit Extension */,
			);
		};
/* End PBXProject section */

/* Begin PBXResourcesBuildPhase section */
		2A61883D23A5AAA80041D493 /* Resources */ = {
			isa = PBXResourcesBuildPhase;
			buildActionMask = 2147483647;
			files = (
			);
			runOnlyForDeploymentPostprocessing = 0;
		};
		2A61884123A5AAA80041D493 /* Resources */ = {
			isa = PBXResourcesBuildPhase;
			buildActionMask = 2147483647;
			files = (
				2A61884C23A5AAAA0041D493 /* Assets.xcassets in Resources */,
				2A61884A23A5AAA80041D493 /* Interface.storyboard in Resources */,
			);
			runOnlyForDeploymentPostprocessing = 0;
		};
		2A61885023A5AAAB0041D493 /* Resources */ = {
			isa = PBXResourcesBuildPhase;
			buildActionMask = 2147483647;
			files = (
				2A61886523A5AAAC0041D493 /* Preview Assets.xcassets in Resources */,
				2A61886223A5AAAC0041D493 /* Assets.xcassets in Resources */,
			);
			runOnlyForDeploymentPostprocessing = 0;
		};
/* End PBXResourcesBuildPhase section */

/* Begin PBXSourcesBuildPhase section */
		2A61884E23A5AAAB0041D493 /* Sources */ = {
			isa = PBXSourcesBuildPhase;
			buildActionMask = 2147483647;
			files = (
				2A6188A823A5DE770041D493 /* IdeaModelSwift.swift in Sources */,
				2A61885A23A5AAAB0041D493 /* HostingController.swift in Sources */,
				2A61885823A5AAAB0041D493 /* ContentView.swift in Sources */,
				2A61889D23A5B9DF0041D493 /* HomeViewListRow.swift in Sources */,
				2A61885E23A5AAAB0041D493 /* NotificationController.swift in Sources */,
				2A61889F23A5BA730041D493 /* IdeaSample.swift in Sources */,
				2A61885C23A5AAAB0041D493 /* ExtensionDelegate.swift in Sources */,
				2A6188A123A5BAAF0041D493 /* AnimatedBackground.swift in Sources */,
				2A6188A523A5DCD80041D493 /* IdeaViewModel.swift in Sources */,
				2A61886023A5AAAB0041D493 /* NotificationView.swift in Sources */,
			);
			runOnlyForDeploymentPostprocessing = 0;
		};
/* End PBXSourcesBuildPhase section */

/* Begin PBXTargetDependency section */
		2A61884623A5AAA80041D493 /* PBXTargetDependency */ = {
			isa = PBXTargetDependency;
			target = 2A61884223A5AAA80041D493 /* testWatch2 WatchKit App */;
			targetProxy = 2A61884523A5AAA80041D493 /* PBXContainerItemProxy */;
		};
		2A61885523A5AAAB0041D493 /* PBXTargetDependency */ = {
			isa = PBXTargetDependency;
			target = 2A61885123A5AAAB0041D493 /* testWatch2 WatchKit Extension */;
			targetProxy = 2A61885423A5AAAB0041D493 /* PBXContainerItemProxy */;
		};
/* End PBXTargetDependency section */

/* Begin PBXVariantGroup section */
		2A61884823A5AAA80041D493 /* Interface.storyboard */ = {
			isa = PBXVariantGroup;
			children = (
				2A61884923A5AAA80041D493 /* Base */,
			);
			name = Interface.storyboard;
			sourceTree = "<group>";
		};
/* End PBXVariantGroup section */

/* Begin XCBuildConfiguration section */
		2A61886823A5AAAC0041D493 /* Debug */ = {
			isa = XCBuildConfiguration;
			buildSettings = {
				ALWAYS_SEARCH_USER_PATHS = NO;
				CLANG_ANALYZER_NONNULL = YES;
				CLANG_ANALYZER_NUMBER_OBJECT_CONVERSION = YES_AGGRESSIVE;
				CLANG_CXX_LANGUAGE_STANDARD = "gnu++14";
				CLANG_CXX_LIBRARY = "libc++";
				CLANG_ENABLE_MODULES = YES;
				CLANG_ENABLE_OBJC_ARC = YES;
				CLANG_ENABLE_OBJC_WEAK = YES;
				CLANG_WARN_BLOCK_CAPTURE_AUTORELEASING = YES;
				CLANG_WARN_BOOL_CONVERSION = YES;
				CLANG_WARN_COMMA = YES;
				CLANG_WARN_CONSTANT_CONVERSION = YES;
				CLANG_WARN_DEPRECATED_OBJC_IMPLEMENTATIONS = YES;
				CLANG_WARN_DIRECT_OBJC_ISA_USAGE = YES_ERROR;
				CLANG_WARN_DOCUMENTATION_COMMENTS = YES;
				CLANG_WARN_EMPTY_BODY = YES;
				CLANG_WARN_ENUM_CONVERSION = YES;
				CLANG_WARN_INFINITE_RECURSION = YES;
				CLANG_WARN_INT_CONVERSION = YES;
				CLANG_WARN_NON_LITERAL_NULL_CONVERSION = YES;
				CLANG_WARN_OBJC_IMPLICIT_RETAIN_SELF = YES;
				CLANG_WARN_OBJC_LITERAL_CONVERSION = YES;
				CLANG_WARN_OBJC_ROOT_CLASS = YES_ERROR;
				CLANG_WARN_RANGE_LOOP_ANALYSIS = YES;
				CLANG_WARN_STRICT_PROTOTYPES = YES;
				CLANG_WARN_SUSPICIOUS_MOVE = YES;
				CLANG_WARN_UNGUARDED_AVAILABILITY = YES_AGGRESSIVE;
				CLANG_WARN_UNREACHABLE_CODE = YES;
				CLANG_WARN__DUPLICATE_METHOD_MATCH = YES;
				COPY_PHASE_STRIP = NO;
				DEBUG_INFORMATION_FORMAT = dwarf;
				ENABLE_STRICT_OBJC_MSGSEND = YES;
				ENABLE_TESTABILITY = YES;
				GCC_C_LANGUAGE_STANDARD = gnu11;
				GCC_DYNAMIC_NO_PIC = NO;
				GCC_NO_COMMON_BLOCKS = YES;
				GCC_OPTIMIZATION_LEVEL = 0;
				GCC_PREPROCESSOR_DEFINITIONS = (
					"DEBUG=1",
					"$(inherited)",
				);
				GCC_WARN_64_TO_32_BIT_CONVERSION = YES;
				GCC_WARN_ABOUT_RETURN_TYPE = YES_ERROR;
				GCC_WARN_UNDECLARED_SELECTOR = YES;
				GCC_WARN_UNINITIALIZED_AUTOS = YES_AGGRESSIVE;
				GCC_WARN_UNUSED_FUNCTION = YES;
				GCC_WARN_UNUSED_VARIABLE = YES;
				MTL_ENABLE_DEBUG_INFO = INCLUDE_SOURCE;
				MTL_FAST_MATH = YES;
				ONLY_ACTIVE_ARCH = YES;
				SDKROOT = iphoneos;
				SWIFT_ACTIVE_COMPILATION_CONDITIONS = DEBUG;
				SWIFT_OPTIMIZATION_LEVEL = "-Onone";
			};
			name = Debug;
		};
		2A61886923A5AAAC0041D493 /* Release */ = {
			isa = XCBuildConfiguration;
			buildSettings = {
				ALWAYS_SEARCH_USER_PATHS = NO;
				CLANG_ANALYZER_NONNULL = YES;
				CLANG_ANALYZER_NUMBER_OBJECT_CONVERSION = YES_AGGRESSIVE;
				CLANG_CXX_LANGUAGE_STANDARD = "gnu++14";
				CLANG_CXX_LIBRARY = "libc++";
				CLANG_ENABLE_MODULES = YES;
				CLANG_ENABLE_OBJC_ARC = YES;
				CLANG_ENABLE_OBJC_WEAK = YES;
				CLANG_WARN_BLOCK_CAPTURE_AUTORELEASING = YES;
				CLANG_WARN_BOOL_CONVERSION = YES;
				CLANG_WARN_COMMA = YES;
				CLANG_WARN_CONSTANT_CONVERSION = YES;
				CLANG_WARN_DEPRECATED_OBJC_IMPLEMENTATIONS = YES;
				CLANG_WARN_DIRECT_OBJC_ISA_USAGE = YES_ERROR;
				CLANG_WARN_DOCUMENTATION_COMMENTS = YES;
				CLANG_WARN_EMPTY_BODY = YES;
				CLANG_WARN_ENUM_CONVERSION = YES;
				CLANG_WARN_INFINITE_RECURSION = YES;
				CLANG_WARN_INT_CONVERSION = YES;
				CLANG_WARN_NON_LITERAL_NULL_CONVERSION = YES;
				CLANG_WARN_OBJC_IMPLICIT_RETAIN_SELF = YES;
				CLANG_WARN_OBJC_LITERAL_CONVERSION = YES;
				CLANG_WARN_OBJC_ROOT_CLASS = YES_ERROR;
				CLANG_WARN_RANGE_LOOP_ANALYSIS = YES;
				CLANG_WARN_STRICT_PROTOTYPES = YES;
				CLANG_WARN_SUSPICIOUS_MOVE = YES;
				CLANG_WARN_UNGUARDED_AVAILABILITY = YES_AGGRESSIVE;
				CLANG_WARN_UNREACHABLE_CODE = YES;
				CLANG_WARN__DUPLICATE_METHOD_MATCH = YES;
				COPY_PHASE_STRIP = NO;
				DEBUG_INFORMATION_FORMAT = "dwarf-with-dsym";
				ENABLE_NS_ASSERTIONS = NO;
				ENABLE_STRICT_OBJC_MSGSEND = YES;
				GCC_C_LANGUAGE_STANDARD = gnu11;
				GCC_NO_COMMON_BLOCKS = YES;
				GCC_WARN_64_TO_32_BIT_CONVERSION = YES;
				GCC_WARN_ABOUT_RETURN_TYPE = YES_ERROR;
				GCC_WARN_UNDECLARED_SELECTOR = YES;
				GCC_WARN_UNINITIALIZED_AUTOS = YES_AGGRESSIVE;
				GCC_WARN_UNUSED_FUNCTION = YES;
				GCC_WARN_UNUSED_VARIABLE = YES;
				MTL_ENABLE_DEBUG_INFO = NO;
				MTL_FAST_MATH = YES;
				SDKROOT = iphoneos;
				SWIFT_COMPILATION_MODE = wholemodule;
				SWIFT_OPTIMIZATION_LEVEL = "-O";
				VALIDATE_PRODUCT = YES;
			};
			name = Release;
		};
		2A61886B23A5AAAC0041D493 /* Debug */ = {
			isa = XCBuildConfiguration;
			buildSettings = {
				ASSETCATALOG_COMPILER_COMPLICATION_NAME = Complication;
				CODE_SIGN_STYLE = Automatic;
				DEVELOPMENT_ASSET_PATHS = "\"testWatch2 WatchKit Extension/Preview Content\"";
				DEVELOPMENT_TEAM = GD4G9TGE9T;
				ENABLE_PREVIEWS = YES;
				FRAMEWORK_SEARCH_PATHS = (
					"$(inherited)",
					"$(PROJECT_DIR)",
				);
				INFOPLIST_FILE = "testWatch2 WatchKit Extension/Info.plist";
				LD_RUNPATH_SEARCH_PATHS = (
					"$(inherited)",
					"@executable_path/Frameworks",
					"@executable_path/../../Frameworks",
				);
				PRODUCT_BUNDLE_IDENTIFIER = spb.testWatch2.watchkitapp.watchkitextension;
				PRODUCT_NAME = "${TARGET_NAME}";
				SDKROOT = watchos;
				SKIP_INSTALL = YES;
				SWIFT_VERSION = 5.0;
				TARGETED_DEVICE_FAMILY = 4;
				WATCHOS_DEPLOYMENT_TARGET = 6.0;
			};
			name = Debug;
		};
		2A61886C23A5AAAC0041D493 /* Release */ = {
			isa = XCBuildConfiguration;
			buildSettings = {
				ASSETCATALOG_COMPILER_COMPLICATION_NAME = Complication;
				CODE_SIGN_STYLE = Automatic;
				DEVELOPMENT_ASSET_PATHS = "\"testWatch2 WatchKit Extension/Preview Content\"";
				DEVELOPMENT_TEAM = GD4G9TGE9T;
				ENABLE_PREVIEWS = YES;
				FRAMEWORK_SEARCH_PATHS = (
					"$(inherited)",
					"$(PROJECT_DIR)",
				);
				INFOPLIST_FILE = "testWatch2 WatchKit Extension/Info.plist";
				LD_RUNPATH_SEARCH_PATHS = (
					"$(inherited)",
					"@executable_path/Frameworks",
					"@executable_path/../../Frameworks",
				);
				PRODUCT_BUNDLE_IDENTIFIER = spb.testWatch2.watchkitapp.watchkitextension;
				PRODUCT_NAME = "${TARGET_NAME}";
				SDKROOT = watchos;
				SKIP_INSTALL = YES;
				SWIFT_VERSION = 5.0;
				TARGETED_DEVICE_FAMILY = 4;
				WATCHOS_DEPLOYMENT_TARGET = 6.0;
			};
			name = Release;
		};
		2A61886F23A5AAAC0041D493 /* Debug */ = {
			isa = XCBuildConfiguration;
			buildSettings = {
				ALWAYS_EMBED_SWIFT_STANDARD_LIBRARIES = YES;
				ASSETCATALOG_COMPILER_APPICON_NAME = AppIcon;
				CODE_SIGN_STYLE = Automatic;
				DEVELOPMENT_TEAM = GD4G9TGE9T;
				FRAMEWORK_SEARCH_PATHS = (
					"$(inherited)",
					"$(PROJECT_DIR)",
				);
				IBSC_MODULE = testWatch2_WatchKit_Extension;
				INFOPLIST_FILE = "testWatch2 WatchKit App/Info.plist";
				LD_RUNPATH_SEARCH_PATHS = (
					"$(inherited)",
					"@executable_path/Frameworks",
				);
				PRODUCT_BUNDLE_IDENTIFIER = spb.testWatch2.watchkitapp;
				PRODUCT_NAME = "$(TARGET_NAME)";
				SDKROOT = watchos;
				SKIP_INSTALL = YES;
				SWIFT_VERSION = 5.0;
				TARGETED_DEVICE_FAMILY = 4;
				WATCHOS_DEPLOYMENT_TARGET = 6.0;
			};
			name = Debug;
		};
		2A61887023A5AAAC0041D493 /* Release */ = {
			isa = XCBuildConfiguration;
			buildSettings = {
				ALWAYS_EMBED_SWIFT_STANDARD_LIBRARIES = YES;
				ASSETCATALOG_COMPILER_APPICON_NAME = AppIcon;
				CODE_SIGN_STYLE = Automatic;
				DEVELOPMENT_TEAM = GD4G9TGE9T;
				FRAMEWORK_SEARCH_PATHS = (
					"$(inherited)",
					"$(PROJECT_DIR)",
				);
				IBSC_MODULE = testWatch2_WatchKit_Extension;
				INFOPLIST_FILE = "testWatch2 WatchKit App/Info.plist";
				LD_RUNPATH_SEARCH_PATHS = (
					"$(inherited)",
					"@executable_path/Frameworks",
				);
				PRODUCT_BUNDLE_IDENTIFIER = spb.testWatch2.watchkitapp;
				PRODUCT_NAME = "$(TARGET_NAME)";
				SDKROOT = watchos;
				SKIP_INSTALL = YES;
				SWIFT_VERSION = 5.0;
				TARGETED_DEVICE_FAMILY = 4;
				WATCHOS_DEPLOYMENT_TARGET = 6.0;
			};
			name = Release;
		};
		2A61887323A5AAAC0041D493 /* Debug */ = {
			isa = XCBuildConfiguration;
			buildSettings = {
				CODE_SIGN_STYLE = Automatic;
				CURRENT_PROJECT_VERSION = 1;
				DEVELOPMENT_TEAM = GD4G9TGE9T;
				MARKETING_VERSION = 1.0;
				PRODUCT_BUNDLE_IDENTIFIER = spb.testWatch2;
				PRODUCT_NAME = "$(TARGET_NAME)";
				SWIFT_VERSION = 5.0;
			};
			name = Debug;
		};
		2A61887423A5AAAC0041D493 /* Release */ = {
			isa = XCBuildConfiguration;
			buildSettings = {
				CODE_SIGN_STYLE = Automatic;
				CURRENT_PROJECT_VERSION = 1;
				DEVELOPMENT_TEAM = GD4G9TGE9T;
				MARKETING_VERSION = 1.0;
				PRODUCT_BUNDLE_IDENTIFIER = spb.testWatch2;
				PRODUCT_NAME = "$(TARGET_NAME)";
				SWIFT_VERSION = 5.0;
			};
			name = Release;
		};
/* End XCBuildConfiguration section */

/* Begin XCConfigurationList section */
		2A61883C23A5AAA80041D493 /* Build configuration list for PBXProject "testWatch2" */ = {
			isa = XCConfigurationList;
			buildConfigurations = (
				2A61886823A5AAAC0041D493 /* Debug */,
				2A61886923A5AAAC0041D493 /* Release */,
			);
			defaultConfigurationIsVisible = 0;
			defaultConfigurationName = Release;
		};
		2A61886A23A5AAAC0041D493 /* Build configuration list for PBXNativeTarget "testWatch2 WatchKit Extension" */ = {
			isa = XCConfigurationList;
			buildConfigurations = (
				2A61886B23A5AAAC0041D493 /* Debug */,
				2A61886C23A5AAAC0041D493 /* Release */,
			);
			defaultConfigurationIsVisible = 0;
			defaultConfigurationName = Release;
		};
		2A61886E23A5AAAC0041D493 /* Build configuration list for PBXNativeTarget "testWatch2 WatchKit App" */ = {
			isa = XCConfigurationList;
			buildConfigurations = (
				2A61886F23A5AAAC0041D493 /* Debug */,
				2A61887023A5AAAC0041D493 /* Release */,
			);
			defaultConfigurationIsVisible = 0;
			defaultConfigurationName = Release;
		};
		2A61887223A5AAAC0041D493 /* Build configuration list for PBXNativeTarget "testWatch2" */ = {
			isa = XCConfigurationList;
			buildConfigurations = (
				2A61887323A5AAAC0041D493 /* Debug */,
				2A61887423A5AAAC0041D493 /* Release */,
			);
			defaultConfigurationIsVisible = 0;
			defaultConfigurationName = Release;
		};
/* End XCConfigurationList section */
	};
	rootObject = 2A61883923A5AAA80041D493 /* Project object */;
}
