// !$*UTF8*$!
{
	archiveVersion = 1;
	classes = {
	};
	objectVersion = 51;
	objects = {

/* Begin PBXBuildFile section */
		1D0B036C2379FF5E00614430 /* GraphView.swift in Sources */ = {isa = PBXBuildFile; fileRef = 1D0B036B2379FF5E00614430 /* GraphView.swift */; };
		1D1972FC239AB37500BD5236 /* GraphViewModel.swift in Sources */ = {isa = PBXBuildFile; fileRef = 1D1972FB239AB37500BD5236 /* GraphViewModel.swift */; };
		1DCC628D237F324D00D5D955 /* IdeaData.json in Resources */ = {isa = PBXBuildFile; fileRef = 1DCC628C237F324D00D5D955 /* IdeaData.json */; };
		2A25CADE23947E6200F3E779 /* IdeaViewDetailPriceBlock.swift in Sources */ = {isa = PBXBuildFile; fileRef = 2A25CADD23947E6200F3E779 /* IdeaViewDetailPriceBlock.swift */; };
		2A25CAE02394824300F3E779 /* IdeaViewDetailSecurityHeader.swift in Sources */ = {isa = PBXBuildFile; fileRef = 2A25CADF2394824300F3E779 /* IdeaViewDetailSecurityHeader.swift */; };
		2A25CAE2239483DA00F3E779 /* IdeaViewDetailThesisBlock.swift in Sources */ = {isa = PBXBuildFile; fileRef = 2A25CAE1239483DA00F3E779 /* IdeaViewDetailThesisBlock.swift */; };
		2A480DA5236625D200894630 /* IdeaSample.swift in Sources */ = {isa = PBXBuildFile; fileRef = 2A480DA4236625D200894630 /* IdeaSample.swift */; };
		2A9276CD238E222000DC6600 /* AnimatedBackground.swift in Sources */ = {isa = PBXBuildFile; fileRef = 2A9276CC238E222000DC6600 /* AnimatedBackground.swift */; };
		2A9276CF238E22C800DC6600 /* KotlinProjectLogo.swift in Sources */ = {isa = PBXBuildFile; fileRef = 2A9276CE238E22C800DC6600 /* KotlinProjectLogo.swift */; };
		2A9276D123903A9A00DC6600 /* ProgressView.swift in Sources */ = {isa = PBXBuildFile; fileRef = 2A9276D023903A9A00DC6600 /* ProgressView.swift */; };
		2A9276D323907A8E00DC6600 /* HomeViewListWithProgress.swift in Sources */ = {isa = PBXBuildFile; fileRef = 2A9276D223907A8E00DC6600 /* HomeViewListWithProgress.swift */; };
		2AE129CF23556050006C5329 /* WelcomeView.swift in Sources */ = {isa = PBXBuildFile; fileRef = 2AE129CE23556050006C5329 /* WelcomeView.swift */; };
		2AE129D12356952F006C5329 /* IdeaView.swift in Sources */ = {isa = PBXBuildFile; fileRef = 2AE129D02356952F006C5329 /* IdeaView.swift */; };
		2AE129D6235C1570006C5329 /* Utils.swift in Sources */ = {isa = PBXBuildFile; fileRef = 2AE129D5235C1570006C5329 /* Utils.swift */; };
		2AF326202353F990006B3594 /* HomeView.swift in Sources */ = {isa = PBXBuildFile; fileRef = 2AF3261F2353F990006B3594 /* HomeView.swift */; };
		2AF326222353FD60006B3594 /* HomeViewListNative.swift in Sources */ = {isa = PBXBuildFile; fileRef = 2AF326212353FD60006B3594 /* HomeViewListNative.swift */; };
		2AF3262423540FDE006B3594 /* HomeViewListRowNative.swift in Sources */ = {isa = PBXBuildFile; fileRef = 2AF3262323540FDE006B3594 /* HomeViewListRowNative.swift */; };
		47729E0622F447C800B9B36B /* AppDelegate.swift in Sources */ = {isa = PBXBuildFile; fileRef = 47729E0522F447C800B9B36B /* AppDelegate.swift */; };
		47729E0D22F447CA00B9B36B /* Assets.xcassets in Resources */ = {isa = PBXBuildFile; fileRef = 47729E0C22F447CA00B9B36B /* Assets.xcassets */; };
		47729E1022F447CA00B9B36B /* LaunchScreen.storyboard in Resources */ = {isa = PBXBuildFile; fileRef = 47729E0E22F447CA00B9B36B /* LaunchScreen.storyboard */; };
		47729E1B22F447CA00B9B36B /* KotlinIOSTests.swift in Sources */ = {isa = PBXBuildFile; fileRef = 47729E1A22F447CA00B9B36B /* KotlinIOSTests.swift */; };
		47729E2622F447CA00B9B36B /* KotlinIOSUITests.swift in Sources */ = {isa = PBXBuildFile; fileRef = 47729E2522F447CA00B9B36B /* KotlinIOSUITests.swift */; };
		47729E6E22F4806C00B9B36B /* SharedCode.framework in Frameworks */ = {isa = PBXBuildFile; fileRef = 47729E6D22F4806B00B9B36B /* SharedCode.framework */; };
		47729E6F22F4806C00B9B36B /* SharedCode.framework in Embed Frameworks */ = {isa = PBXBuildFile; fileRef = 47729E6D22F4806B00B9B36B /* SharedCode.framework */; settings = {ATTRIBUTES = (CodeSignOnCopy, RemoveHeadersOnCopy, ); }; };
		64E57BA9869DA5FCA45BA070 /* Pods_KotlinIOS.framework in Frameworks */ = {isa = PBXBuildFile; fileRef = 17886D3FE6D21170C5FB5159 /* Pods_KotlinIOS.framework */; };
		7831D2882382FAB20096A4D5 /* TickerSearchView.swift in Sources */ = {isa = PBXBuildFile; fileRef = 7831D2872382FAB20096A4D5 /* TickerSearchView.swift */; };
		7831D28A2382FACB0096A4D5 /* TickerSearchViewModel.swift in Sources */ = {isa = PBXBuildFile; fileRef = 7831D2892382FACB0096A4D5 /* TickerSearchViewModel.swift */; };
		7831D28C238426810096A4D5 /* SearchBar.swift in Sources */ = {isa = PBXBuildFile; fileRef = 7831D28B238426810096A4D5 /* SearchBar.swift */; };
		78D206D823901ABA00348D63 /* NewIdeaView.swift in Sources */ = {isa = PBXBuildFile; fileRef = 78D206D723901ABA00348D63 /* NewIdeaView.swift */; };
		D04BA3F5238C598F0098F7F2 /* IdeaViewDetail.swift in Sources */ = {isa = PBXBuildFile; fileRef = D04BA3F4238C598F0098F7F2 /* IdeaViewDetail.swift */; };
		D087772B2350E296007E4CC2 /* IdeaModel.swift in Sources */ = {isa = PBXBuildFile; fileRef = D087772A2350E296007E4CC2 /* IdeaModel.swift */; };
		D087772D2350E2DC007E4CC2 /* Data.swift in Sources */ = {isa = PBXBuildFile; fileRef = D087772C2350E2DC007E4CC2 /* Data.swift */; };
		D08777302350E362007E4CC2 /* IdeaViewModel.swift in Sources */ = {isa = PBXBuildFile; fileRef = D087772F2350E362007E4CC2 /* IdeaViewModel.swift */; };
		D08777322350E3D3007E4CC2 /* SceneDelegate.swift in Sources */ = {isa = PBXBuildFile; fileRef = D08777312350E3D3007E4CC2 /* SceneDelegate.swift */; };
		D08777352350ED5B007E4CC2 /* HomeViewList.swift in Sources */ = {isa = PBXBuildFile; fileRef = D08777342350ED5B007E4CC2 /* HomeViewList.swift */; };
		D087775723510B68007E4CC2 /* ContentView.swift in Sources */ = {isa = PBXBuildFile; fileRef = D087775623510B68007E4CC2 /* ContentView.swift */; };
		D087775923512453007E4CC2 /* HomeViewListRow.swift in Sources */ = {isa = PBXBuildFile; fileRef = D087775823512453007E4CC2 /* HomeViewListRow.swift */; };
		ECAC704850F47CAE8129BC87 /* Pods_KotlinIOSTests.framework in Frameworks */ = {isa = PBXBuildFile; fileRef = 0A16C584A74157E300F947AF /* Pods_KotlinIOSTests.framework */; };
		F529139D84759E8E9D96523E /* Pods_KotlinIOS_KotlinIOSUITests.framework in Frameworks */ = {isa = PBXBuildFile; fileRef = F7A717EB6618B6FA7229A274 /* Pods_KotlinIOS_KotlinIOSUITests.framework */; };
/* End PBXBuildFile section */

/* Begin PBXContainerItemProxy section */
		47729E1722F447CA00B9B36B /* PBXContainerItemProxy */ = {
			isa = PBXContainerItemProxy;
			containerPortal = 47729DFA22F447C800B9B36B /* Project object */;
			proxyType = 1;
			remoteGlobalIDString = 47729E0122F447C800B9B36B;
			remoteInfo = KotlinIOS;
		};
		47729E2222F447CA00B9B36B /* PBXContainerItemProxy */ = {
			isa = PBXContainerItemProxy;
			containerPortal = 47729DFA22F447C800B9B36B /* Project object */;
			proxyType = 1;
			remoteGlobalIDString = 47729E0122F447C800B9B36B;
			remoteInfo = KotlinIOS;
		};
/* End PBXContainerItemProxy section */

/* Begin PBXCopyFilesBuildPhase section */
		47729E7022F4806C00B9B36B /* Embed Frameworks */ = {
			isa = PBXCopyFilesBuildPhase;
			buildActionMask = 2147483647;
			dstPath = "";
			dstSubfolderSpec = 10;
			files = (
				47729E6F22F4806C00B9B36B /* SharedCode.framework in Embed Frameworks */,
			);
			name = "Embed Frameworks";
			runOnlyForDeploymentPostprocessing = 0;
		};
/* End PBXCopyFilesBuildPhase section */

/* Begin PBXFileReference section */
		0A16C584A74157E300F947AF /* Pods_KotlinIOSTests.framework */ = {isa = PBXFileReference; explicitFileType = wrapper.framework; includeInIndex = 0; path = Pods_KotlinIOSTests.framework; sourceTree = BUILT_PRODUCTS_DIR; };
		17886D3FE6D21170C5FB5159 /* Pods_KotlinIOS.framework */ = {isa = PBXFileReference; explicitFileType = wrapper.framework; includeInIndex = 0; path = Pods_KotlinIOS.framework; sourceTree = BUILT_PRODUCTS_DIR; };
		1D0B036B2379FF5E00614430 /* GraphView.swift */ = {isa = PBXFileReference; lastKnownFileType = sourcecode.swift; path = GraphView.swift; sourceTree = "<group>"; };
		1D1972FB239AB37500BD5236 /* GraphViewModel.swift */ = {isa = PBXFileReference; lastKnownFileType = sourcecode.swift; path = GraphViewModel.swift; sourceTree = "<group>"; };
		1DCC628C237F324D00D5D955 /* IdeaData.json */ = {isa = PBXFileReference; fileEncoding = 4; lastKnownFileType = text.json; path = IdeaData.json; sourceTree = "<group>"; };
		2A25CADD23947E6200F3E779 /* IdeaViewDetailPriceBlock.swift */ = {isa = PBXFileReference; lastKnownFileType = sourcecode.swift; path = IdeaViewDetailPriceBlock.swift; sourceTree = "<group>"; };
		2A25CADF2394824300F3E779 /* IdeaViewDetailSecurityHeader.swift */ = {isa = PBXFileReference; lastKnownFileType = sourcecode.swift; path = IdeaViewDetailSecurityHeader.swift; sourceTree = "<group>"; };
		2A25CAE1239483DA00F3E779 /* IdeaViewDetailThesisBlock.swift */ = {isa = PBXFileReference; lastKnownFileType = sourcecode.swift; path = IdeaViewDetailThesisBlock.swift; sourceTree = "<group>"; };
		2A480DA4236625D200894630 /* IdeaSample.swift */ = {isa = PBXFileReference; fileEncoding = 4; lastKnownFileType = sourcecode.swift; path = IdeaSample.swift; sourceTree = "<group>"; };
		2A9276CC238E222000DC6600 /* AnimatedBackground.swift */ = {isa = PBXFileReference; lastKnownFileType = sourcecode.swift; path = AnimatedBackground.swift; sourceTree = "<group>"; };
		2A9276CE238E22C800DC6600 /* KotlinProjectLogo.swift */ = {isa = PBXFileReference; lastKnownFileType = sourcecode.swift; path = KotlinProjectLogo.swift; sourceTree = "<group>"; };
		2A9276D023903A9A00DC6600 /* ProgressView.swift */ = {isa = PBXFileReference; lastKnownFileType = sourcecode.swift; path = ProgressView.swift; sourceTree = "<group>"; };
		2A9276D223907A8E00DC6600 /* HomeViewListWithProgress.swift */ = {isa = PBXFileReference; lastKnownFileType = sourcecode.swift; path = HomeViewListWithProgress.swift; sourceTree = "<group>"; };
		2AE129CE23556050006C5329 /* WelcomeView.swift */ = {isa = PBXFileReference; lastKnownFileType = sourcecode.swift; path = WelcomeView.swift; sourceTree = "<group>"; };
		2AE129D02356952F006C5329 /* IdeaView.swift */ = {isa = PBXFileReference; lastKnownFileType = sourcecode.swift; path = IdeaView.swift; sourceTree = "<group>"; };
		2AE129D5235C1570006C5329 /* Utils.swift */ = {isa = PBXFileReference; lastKnownFileType = sourcecode.swift; path = Utils.swift; sourceTree = "<group>"; };
		2AF3261F2353F990006B3594 /* HomeView.swift */ = {isa = PBXFileReference; lastKnownFileType = sourcecode.swift; path = HomeView.swift; sourceTree = "<group>"; };
		2AF326212353FD60006B3594 /* HomeViewListNative.swift */ = {isa = PBXFileReference; lastKnownFileType = sourcecode.swift; path = HomeViewListNative.swift; sourceTree = "<group>"; };
		2AF3262323540FDE006B3594 /* HomeViewListRowNative.swift */ = {isa = PBXFileReference; lastKnownFileType = sourcecode.swift; path = HomeViewListRowNative.swift; sourceTree = "<group>"; };
		47729E0222F447C800B9B36B /* KotlinIOS.app */ = {isa = PBXFileReference; explicitFileType = wrapper.application; includeInIndex = 0; path = KotlinIOS.app; sourceTree = BUILT_PRODUCTS_DIR; };
		47729E0522F447C800B9B36B /* AppDelegate.swift */ = {isa = PBXFileReference; lastKnownFileType = sourcecode.swift; path = AppDelegate.swift; sourceTree = "<group>"; };
		47729E0722F447C800B9B36B /* ViewController.swift */ = {isa = PBXFileReference; lastKnownFileType = sourcecode.swift; path = ViewController.swift; sourceTree = "<group>"; };
		47729E0C22F447CA00B9B36B /* Assets.xcassets */ = {isa = PBXFileReference; lastKnownFileType = folder.assetcatalog; path = Assets.xcassets; sourceTree = "<group>"; };
		47729E0F22F447CA00B9B36B /* Base */ = {isa = PBXFileReference; lastKnownFileType = file.storyboard; name = Base; path = Base.lproj/LaunchScreen.storyboard; sourceTree = "<group>"; };
		47729E1122F447CA00B9B36B /* Info.plist */ = {isa = PBXFileReference; lastKnownFileType = text.plist.xml; path = Info.plist; sourceTree = "<group>"; };
		47729E1622F447CA00B9B36B /* KotlinIOSTests.xctest */ = {isa = PBXFileReference; explicitFileType = wrapper.cfbundle; includeInIndex = 0; path = KotlinIOSTests.xctest; sourceTree = BUILT_PRODUCTS_DIR; };
		47729E1A22F447CA00B9B36B /* KotlinIOSTests.swift */ = {isa = PBXFileReference; lastKnownFileType = sourcecode.swift; path = KotlinIOSTests.swift; sourceTree = "<group>"; };
		47729E1C22F447CA00B9B36B /* Info.plist */ = {isa = PBXFileReference; lastKnownFileType = text.plist.xml; path = Info.plist; sourceTree = "<group>"; };
		47729E2122F447CA00B9B36B /* KotlinIOSUITests.xctest */ = {isa = PBXFileReference; explicitFileType = wrapper.cfbundle; includeInIndex = 0; path = KotlinIOSUITests.xctest; sourceTree = BUILT_PRODUCTS_DIR; };
		47729E2522F447CA00B9B36B /* KotlinIOSUITests.swift */ = {isa = PBXFileReference; lastKnownFileType = sourcecode.swift; path = KotlinIOSUITests.swift; sourceTree = "<group>"; };
		47729E2722F447CA00B9B36B /* Info.plist */ = {isa = PBXFileReference; lastKnownFileType = text.plist.xml; path = Info.plist; sourceTree = "<group>"; };
		47729E6D22F4806B00B9B36B /* SharedCode.framework */ = {isa = PBXFileReference; lastKnownFileType = wrapper.framework; name = SharedCode.framework; path = "../../SharedCode/build/xcode-frameworks/SharedCode.framework"; sourceTree = "<group>"; };
		496AF2B30F4EF28D98FBC27F /* Pods-KotlinIOSTests.release.xcconfig */ = {isa = PBXFileReference; includeInIndex = 1; lastKnownFileType = text.xcconfig; name = "Pods-KotlinIOSTests.release.xcconfig"; path = "Target Support Files/Pods-KotlinIOSTests/Pods-KotlinIOSTests.release.xcconfig"; sourceTree = "<group>"; };
		78004EEF4A43165255C95AFC /* Pods-KotlinIOS-KotlinIOSUITests.debug.xcconfig */ = {isa = PBXFileReference; includeInIndex = 1; lastKnownFileType = text.xcconfig; name = "Pods-KotlinIOS-KotlinIOSUITests.debug.xcconfig"; path = "Target Support Files/Pods-KotlinIOS-KotlinIOSUITests/Pods-KotlinIOS-KotlinIOSUITests.debug.xcconfig"; sourceTree = "<group>"; };
		7831D2872382FAB20096A4D5 /* TickerSearchView.swift */ = {isa = PBXFileReference; lastKnownFileType = sourcecode.swift; path = TickerSearchView.swift; sourceTree = "<group>"; };
		7831D2892382FACB0096A4D5 /* TickerSearchViewModel.swift */ = {isa = PBXFileReference; lastKnownFileType = sourcecode.swift; path = TickerSearchViewModel.swift; sourceTree = "<group>"; };
		7831D28B238426810096A4D5 /* SearchBar.swift */ = {isa = PBXFileReference; lastKnownFileType = sourcecode.swift; path = SearchBar.swift; sourceTree = "<group>"; };
		78D206D723901ABA00348D63 /* NewIdeaView.swift */ = {isa = PBXFileReference; lastKnownFileType = sourcecode.swift; path = NewIdeaView.swift; sourceTree = "<group>"; };
		96ABD00FE6EBA474897CA94A /* Pods-KotlinIOS-KotlinIOSUITests.release.xcconfig */ = {isa = PBXFileReference; includeInIndex = 1; lastKnownFileType = text.xcconfig; name = "Pods-KotlinIOS-KotlinIOSUITests.release.xcconfig"; path = "Target Support Files/Pods-KotlinIOS-KotlinIOSUITests/Pods-KotlinIOS-KotlinIOSUITests.release.xcconfig"; sourceTree = "<group>"; };
		CE297BF4C6ACDAE1F331FDFA /* Pods-KotlinIOS.release.xcconfig */ = {isa = PBXFileReference; includeInIndex = 1; lastKnownFileType = text.xcconfig; name = "Pods-KotlinIOS.release.xcconfig"; path = "Target Support Files/Pods-KotlinIOS/Pods-KotlinIOS.release.xcconfig"; sourceTree = "<group>"; };
		D04BA3F4238C598F0098F7F2 /* IdeaViewDetail.swift */ = {isa = PBXFileReference; lastKnownFileType = sourcecode.swift; path = IdeaViewDetail.swift; sourceTree = "<group>"; };
		D087772A2350E296007E4CC2 /* IdeaModel.swift */ = {isa = PBXFileReference; lastKnownFileType = sourcecode.swift; path = IdeaModel.swift; sourceTree = "<group>"; };
		D087772C2350E2DC007E4CC2 /* Data.swift */ = {isa = PBXFileReference; lastKnownFileType = sourcecode.swift; path = Data.swift; sourceTree = "<group>"; };
		D087772F2350E362007E4CC2 /* IdeaViewModel.swift */ = {isa = PBXFileReference; lastKnownFileType = sourcecode.swift; path = IdeaViewModel.swift; sourceTree = "<group>"; };
		D08777312350E3D3007E4CC2 /* SceneDelegate.swift */ = {isa = PBXFileReference; lastKnownFileType = sourcecode.swift; path = SceneDelegate.swift; sourceTree = "<group>"; };
		D08777342350ED5B007E4CC2 /* HomeViewList.swift */ = {isa = PBXFileReference; lastKnownFileType = sourcecode.swift; path = HomeViewList.swift; sourceTree = "<group>"; };
		D087775623510B68007E4CC2 /* ContentView.swift */ = {isa = PBXFileReference; lastKnownFileType = sourcecode.swift; path = ContentView.swift; sourceTree = "<group>"; };
		D087775823512453007E4CC2 /* HomeViewListRow.swift */ = {isa = PBXFileReference; lastKnownFileType = sourcecode.swift; path = HomeViewListRow.swift; sourceTree = "<group>"; };
		E0C8F6AD955A6E60063470C4 /* Pods-KotlinIOS.debug.xcconfig */ = {isa = PBXFileReference; includeInIndex = 1; lastKnownFileType = text.xcconfig; name = "Pods-KotlinIOS.debug.xcconfig"; path = "Target Support Files/Pods-KotlinIOS/Pods-KotlinIOS.debug.xcconfig"; sourceTree = "<group>"; };
		EBCDE65BA9049A8369A87208 /* Pods-KotlinIOSTests.debug.xcconfig */ = {isa = PBXFileReference; includeInIndex = 1; lastKnownFileType = text.xcconfig; name = "Pods-KotlinIOSTests.debug.xcconfig"; path = "Target Support Files/Pods-KotlinIOSTests/Pods-KotlinIOSTests.debug.xcconfig"; sourceTree = "<group>"; };
		F7A717EB6618B6FA7229A274 /* Pods_KotlinIOS_KotlinIOSUITests.framework */ = {isa = PBXFileReference; explicitFileType = wrapper.framework; includeInIndex = 0; path = Pods_KotlinIOS_KotlinIOSUITests.framework; sourceTree = BUILT_PRODUCTS_DIR; };
/* End PBXFileReference section */

/* Begin PBXFrameworksBuildPhase section */
		47729DFF22F447C800B9B36B /* Frameworks */ = {
			isa = PBXFrameworksBuildPhase;
			buildActionMask = 2147483647;
			files = (
				47729E6E22F4806C00B9B36B /* SharedCode.framework in Frameworks */,
				64E57BA9869DA5FCA45BA070 /* Pods_KotlinIOS.framework in Frameworks */,
			);
			runOnlyForDeploymentPostprocessing = 0;
		};
		47729E1322F447CA00B9B36B /* Frameworks */ = {
			isa = PBXFrameworksBuildPhase;
			buildActionMask = 2147483647;
			files = (
				ECAC704850F47CAE8129BC87 /* Pods_KotlinIOSTests.framework in Frameworks */,
			);
			runOnlyForDeploymentPostprocessing = 0;
		};
		47729E1E22F447CA00B9B36B /* Frameworks */ = {
			isa = PBXFrameworksBuildPhase;
			buildActionMask = 2147483647;
			files = (
				F529139D84759E8E9D96523E /* Pods_KotlinIOS_KotlinIOSUITests.framework in Frameworks */,
			);
			runOnlyForDeploymentPostprocessing = 0;
		};
/* End PBXFrameworksBuildPhase section */

/* Begin PBXGroup section */
		47729DF922F447C800B9B36B = {
			isa = PBXGroup;
			children = (
				47729E6D22F4806B00B9B36B /* SharedCode.framework */,
				47729E0422F447C800B9B36B /* KotlinIOS */,
				47729E1922F447CA00B9B36B /* KotlinIOSTests */,
				47729E2422F447CA00B9B36B /* KotlinIOSUITests */,
				47729E0322F447C800B9B36B /* Products */,
				AAD103CAA6401CD460107721 /* Pods */,
				762D412FC2F3222F1EB2D5FA /* Frameworks */,
			);
			sourceTree = "<group>";
		};
		47729E0322F447C800B9B36B /* Products */ = {
			isa = PBXGroup;
			children = (
				47729E0222F447C800B9B36B /* KotlinIOS.app */,
				47729E1622F447CA00B9B36B /* KotlinIOSTests.xctest */,
				47729E2122F447CA00B9B36B /* KotlinIOSUITests.xctest */,
			);
			name = Products;
			sourceTree = "<group>";
		};
		47729E0422F447C800B9B36B /* KotlinIOS */ = {
			isa = PBXGroup;
			children = (
				D08777332350ED48007E4CC2 /* Views */,
				D087772E2350E338007E4CC2 /* ViewModels */,
				D08777292350E270007E4CC2 /* Models */,
				47729E0522F447C800B9B36B /* AppDelegate.swift */,
				47729E0722F447C800B9B36B /* ViewController.swift */,
				47729E0C22F447CA00B9B36B /* Assets.xcassets */,
				47729E0E22F447CA00B9B36B /* LaunchScreen.storyboard */,
				47729E1122F447CA00B9B36B /* Info.plist */,
				1DCC628C237F324D00D5D955 /* IdeaData.json */,
				D08777312350E3D3007E4CC2 /* SceneDelegate.swift */,
				D087775623510B68007E4CC2 /* ContentView.swift */,
				2AE129D5235C1570006C5329 /* Utils.swift */,
			);
			path = KotlinIOS;
			sourceTree = "<group>";
		};
		47729E1922F447CA00B9B36B /* KotlinIOSTests */ = {
			isa = PBXGroup;
			children = (
				47729E1A22F447CA00B9B36B /* KotlinIOSTests.swift */,
				47729E1C22F447CA00B9B36B /* Info.plist */,
			);
			path = KotlinIOSTests;
			sourceTree = "<group>";
		};
		47729E2422F447CA00B9B36B /* KotlinIOSUITests */ = {
			isa = PBXGroup;
			children = (
				47729E2522F447CA00B9B36B /* KotlinIOSUITests.swift */,
				47729E2722F447CA00B9B36B /* Info.plist */,
			);
			path = KotlinIOSUITests;
			sourceTree = "<group>";
		};
		762D412FC2F3222F1EB2D5FA /* Frameworks */ = {
			isa = PBXGroup;
			children = (
				17886D3FE6D21170C5FB5159 /* Pods_KotlinIOS.framework */,
				F7A717EB6618B6FA7229A274 /* Pods_KotlinIOS_KotlinIOSUITests.framework */,
				0A16C584A74157E300F947AF /* Pods_KotlinIOSTests.framework */,
			);
			name = Frameworks;
			sourceTree = "<group>";
		};
		AAD103CAA6401CD460107721 /* Pods */ = {
			isa = PBXGroup;
			children = (
				E0C8F6AD955A6E60063470C4 /* Pods-KotlinIOS.debug.xcconfig */,
				CE297BF4C6ACDAE1F331FDFA /* Pods-KotlinIOS.release.xcconfig */,
				78004EEF4A43165255C95AFC /* Pods-KotlinIOS-KotlinIOSUITests.debug.xcconfig */,
				96ABD00FE6EBA474897CA94A /* Pods-KotlinIOS-KotlinIOSUITests.release.xcconfig */,
				EBCDE65BA9049A8369A87208 /* Pods-KotlinIOSTests.debug.xcconfig */,
				496AF2B30F4EF28D98FBC27F /* Pods-KotlinIOSTests.release.xcconfig */,
			);
			path = Pods;
			sourceTree = "<group>";
		};
		D08777292350E270007E4CC2 /* Models */ = {
			isa = PBXGroup;
			children = (
				2A480DA4236625D200894630 /* IdeaSample.swift */,
				D087772A2350E296007E4CC2 /* IdeaModel.swift */,
				D087772C2350E2DC007E4CC2 /* Data.swift */,
			);
			path = Models;
			sourceTree = "<group>";
		};
		D087772E2350E338007E4CC2 /* ViewModels */ = {
			isa = PBXGroup;
			children = (
				1D1972FB239AB37500BD5236 /* GraphViewModel.swift */,
				D087772F2350E362007E4CC2 /* IdeaViewModel.swift */,
				7831D2892382FACB0096A4D5 /* TickerSearchViewModel.swift */,
			);
			path = ViewModels;
			sourceTree = "<group>";
		};
		D08777332350ED48007E4CC2 /* Views */ = {
			isa = PBXGroup;
			children = (
				D08777342350ED5B007E4CC2 /* HomeViewList.swift */,
				D087775823512453007E4CC2 /* HomeViewListRow.swift */,
				2AF3261F2353F990006B3594 /* HomeView.swift */,
				2AF326212353FD60006B3594 /* HomeViewListNative.swift */,
				2AF3262323540FDE006B3594 /* HomeViewListRowNative.swift */,
				2AE129CE23556050006C5329 /* WelcomeView.swift */,
				78D206D723901ABA00348D63 /* NewIdeaView.swift */,
				2AE129D02356952F006C5329 /* IdeaView.swift */,
				1D0B036B2379FF5E00614430 /* GraphView.swift */,
				7831D2872382FAB20096A4D5 /* TickerSearchView.swift */,
				7831D28B238426810096A4D5 /* SearchBar.swift */,
				D04BA3F4238C598F0098F7F2 /* IdeaViewDetail.swift */,
				2A9276CC238E222000DC6600 /* AnimatedBackground.swift */,
				2A9276CE238E22C800DC6600 /* KotlinProjectLogo.swift */,
				2A9276D023903A9A00DC6600 /* ProgressView.swift */,
				2A9276D223907A8E00DC6600 /* HomeViewListWithProgress.swift */,
				2A25CADD23947E6200F3E779 /* IdeaViewDetailPriceBlock.swift */,
				2A25CADF2394824300F3E779 /* IdeaViewDetailSecurityHeader.swift */,
				2A25CAE1239483DA00F3E779 /* IdeaViewDetailThesisBlock.swift */,
			);
			path = Views;
			sourceTree = "<group>";
		};
/* End PBXGroup section */

/* Begin PBXNativeTarget section */
		47729E0122F447C800B9B36B /* KotlinIOS */ = {
			isa = PBXNativeTarget;
			buildConfigurationList = 47729E2A22F447CA00B9B36B /* Build configuration list for PBXNativeTarget "KotlinIOS" */;
			buildPhases = (
				7C78140A459AC96393361809 /* [CP] Check Pods Manifest.lock */,
				47729E7122F480EB00B9B36B /* ShellScript */,
				47729DFE22F447C800B9B36B /* Sources */,
				47729DFF22F447C800B9B36B /* Frameworks */,
				47729E0022F447C800B9B36B /* Resources */,
				47729E7022F4806C00B9B36B /* Embed Frameworks */,
				FB4AFE5291EA344AF9420D4C /* [CP] Embed Pods Frameworks */,
			);
			buildRules = (
			);
			dependencies = (
			);
			name = KotlinIOS;
			productName = KotlinIOS;
			productReference = 47729E0222F447C800B9B36B /* KotlinIOS.app */;
			productType = "com.apple.product-type.application";
		};
		47729E1522F447CA00B9B36B /* KotlinIOSTests */ = {
			isa = PBXNativeTarget;
			buildConfigurationList = 47729E2D22F447CA00B9B36B /* Build configuration list for PBXNativeTarget "KotlinIOSTests" */;
			buildPhases = (
				A34A9256F8F326F120E53A6E /* [CP] Check Pods Manifest.lock */,
				47729E1222F447CA00B9B36B /* Sources */,
				47729E1322F447CA00B9B36B /* Frameworks */,
				47729E1422F447CA00B9B36B /* Resources */,
			);
			buildRules = (
			);
			dependencies = (
				47729E1822F447CA00B9B36B /* PBXTargetDependency */,
			);
			name = KotlinIOSTests;
			productName = KotlinIOSTests;
			productReference = 47729E1622F447CA00B9B36B /* KotlinIOSTests.xctest */;
			productType = "com.apple.product-type.bundle.unit-test";
		};
		47729E2022F447CA00B9B36B /* KotlinIOSUITests */ = {
			isa = PBXNativeTarget;
			buildConfigurationList = 47729E3022F447CA00B9B36B /* Build configuration list for PBXNativeTarget "KotlinIOSUITests" */;
			buildPhases = (
				D36ED17EAE46814BF43479BD /* [CP] Check Pods Manifest.lock */,
				47729E1D22F447CA00B9B36B /* Sources */,
				47729E1E22F447CA00B9B36B /* Frameworks */,
				47729E1F22F447CA00B9B36B /* Resources */,
				8657703962C8E2AE6CA14ABC /* [CP] Embed Pods Frameworks */,
			);
			buildRules = (
			);
			dependencies = (
				47729E2322F447CA00B9B36B /* PBXTargetDependency */,
			);
			name = KotlinIOSUITests;
			productName = KotlinIOSUITests;
			productReference = 47729E2122F447CA00B9B36B /* KotlinIOSUITests.xctest */;
			productType = "com.apple.product-type.bundle.ui-testing";
		};
/* End PBXNativeTarget section */

/* Begin PBXProject section */
		47729DFA22F447C800B9B36B /* Project object */ = {
			isa = PBXProject;
			attributes = {
				LastSwiftUpdateCheck = 1030;
				LastUpgradeCheck = 1030;
				ORGANIZATIONNAME = Kinsight;
				TargetAttributes = {
					47729E0122F447C800B9B36B = {
						CreatedOnToolsVersion = 10.3;
					};
					47729E1522F447CA00B9B36B = {
						CreatedOnToolsVersion = 10.3;
						TestTargetID = 47729E0122F447C800B9B36B;
					};
					47729E2022F447CA00B9B36B = {
						CreatedOnToolsVersion = 10.3;
						TestTargetID = 47729E0122F447C800B9B36B;
					};
				};
			};
			buildConfigurationList = 47729DFD22F447C800B9B36B /* Build configuration list for PBXProject "KotlinIOS" */;
			compatibilityVersion = "Xcode 9.3";
			developmentRegion = en;
			hasScannedForEncodings = 0;
			knownRegions = (
				en,
				Base,
			);
			mainGroup = 47729DF922F447C800B9B36B;
			productRefGroup = 47729E0322F447C800B9B36B /* Products */;
			projectDirPath = "";
			projectRoot = "";
			targets = (
				47729E0122F447C800B9B36B /* KotlinIOS */,
				47729E1522F447CA00B9B36B /* KotlinIOSTests */,
				47729E2022F447CA00B9B36B /* KotlinIOSUITests */,
			);
		};
/* End PBXProject section */

/* Begin PBXResourcesBuildPhase section */
		47729E0022F447C800B9B36B /* Resources */ = {
			isa = PBXResourcesBuildPhase;
			buildActionMask = 2147483647;
			files = (
				1DCC628D237F324D00D5D955 /* IdeaData.json in Resources */,
				47729E1022F447CA00B9B36B /* LaunchScreen.storyboard in Resources */,
				47729E0D22F447CA00B9B36B /* Assets.xcassets in Resources */,
			);
			runOnlyForDeploymentPostprocessing = 0;
		};
		47729E1422F447CA00B9B36B /* Resources */ = {
			isa = PBXResourcesBuildPhase;
			buildActionMask = 2147483647;
			files = (
			);
			runOnlyForDeploymentPostprocessing = 0;
		};
		47729E1F22F447CA00B9B36B /* Resources */ = {
			isa = PBXResourcesBuildPhase;
			buildActionMask = 2147483647;
			files = (
			);
			runOnlyForDeploymentPostprocessing = 0;
		};
/* End PBXResourcesBuildPhase section */

/* Begin PBXShellScriptBuildPhase section */
		47729E7122F480EB00B9B36B /* ShellScript */ = {
			isa = PBXShellScriptBuildPhase;
			buildActionMask = 2147483647;
			files = (
			);
			inputFileListPaths = (
			);
			inputPaths = (
			);
			outputFileListPaths = (
			);
			outputPaths = (
			);
			runOnlyForDeploymentPostprocessing = 0;
			shellPath = /bin/sh;
			shellScript = "# Type a script or drag a script file from your workspace to insert its path.\n\ncd \"$SRCROOT/../../SharedCode/build/xcode-frameworks\"\n./gradlew :SharedCode:packForXCode -PXCODE_CONFIGURATION=${CONFIGURATION}\n";
		};
		7C78140A459AC96393361809 /* [CP] Check Pods Manifest.lock */ = {
			isa = PBXShellScriptBuildPhase;
			buildActionMask = 2147483647;
			files = (
			);
			inputFileListPaths = (
			);
			inputPaths = (
				"${PODS_PODFILE_DIR_PATH}/Podfile.lock",
				"${PODS_ROOT}/Manifest.lock",
			);
			name = "[CP] Check Pods Manifest.lock";
			outputFileListPaths = (
			);
			outputPaths = (
				"$(DERIVED_FILE_DIR)/Pods-KotlinIOS-checkManifestLockResult.txt",
			);
			runOnlyForDeploymentPostprocessing = 0;
			shellPath = /bin/sh;
			shellScript = "diff \"${PODS_PODFILE_DIR_PATH}/Podfile.lock\" \"${PODS_ROOT}/Manifest.lock\" > /dev/null\nif [ $? != 0 ] ; then\n    # print error to STDERR\n    echo \"error: The sandbox is not in sync with the Podfile.lock. Run 'pod install' or update your CocoaPods installation.\" >&2\n    exit 1\nfi\n# This output is used by Xcode 'outputs' to avoid re-running this script phase.\necho \"SUCCESS\" > \"${SCRIPT_OUTPUT_FILE_0}\"\n";
			showEnvVarsInLog = 0;
		};
		8657703962C8E2AE6CA14ABC /* [CP] Embed Pods Frameworks */ = {
			isa = PBXShellScriptBuildPhase;
			buildActionMask = 2147483647;
			files = (
			);
			inputFileListPaths = (
				"${PODS_ROOT}/Target Support Files/Pods-KotlinIOS-KotlinIOSUITests/Pods-KotlinIOS-KotlinIOSUITests-frameworks-${CONFIGURATION}-input-files.xcfilelist",
			);
			name = "[CP] Embed Pods Frameworks";
			outputFileListPaths = (
				"${PODS_ROOT}/Target Support Files/Pods-KotlinIOS-KotlinIOSUITests/Pods-KotlinIOS-KotlinIOSUITests-frameworks-${CONFIGURATION}-output-files.xcfilelist",
			);
			runOnlyForDeploymentPostprocessing = 0;
			shellPath = /bin/sh;
			shellScript = "\"${PODS_ROOT}/Target Support Files/Pods-KotlinIOS-KotlinIOSUITests/Pods-KotlinIOS-KotlinIOSUITests-frameworks.sh\"\n";
			showEnvVarsInLog = 0;
		};
		A34A9256F8F326F120E53A6E /* [CP] Check Pods Manifest.lock */ = {
			isa = PBXShellScriptBuildPhase;
			buildActionMask = 2147483647;
			files = (
			);
			inputFileListPaths = (
			);
			inputPaths = (
				"${PODS_PODFILE_DIR_PATH}/Podfile.lock",
				"${PODS_ROOT}/Manifest.lock",
			);
			name = "[CP] Check Pods Manifest.lock";
			outputFileListPaths = (
			);
			outputPaths = (
				"$(DERIVED_FILE_DIR)/Pods-KotlinIOSTests-checkManifestLockResult.txt",
			);
			runOnlyForDeploymentPostprocessing = 0;
			shellPath = /bin/sh;
			shellScript = "diff \"${PODS_PODFILE_DIR_PATH}/Podfile.lock\" \"${PODS_ROOT}/Manifest.lock\" > /dev/null\nif [ $? != 0 ] ; then\n    # print error to STDERR\n    echo \"error: The sandbox is not in sync with the Podfile.lock. Run 'pod install' or update your CocoaPods installation.\" >&2\n    exit 1\nfi\n# This output is used by Xcode 'outputs' to avoid re-running this script phase.\necho \"SUCCESS\" > \"${SCRIPT_OUTPUT_FILE_0}\"\n";
			showEnvVarsInLog = 0;
		};
		D36ED17EAE46814BF43479BD /* [CP] Check Pods Manifest.lock */ = {
			isa = PBXShellScriptBuildPhase;
			buildActionMask = 2147483647;
			files = (
			);
			inputFileListPaths = (
			);
			inputPaths = (
				"${PODS_PODFILE_DIR_PATH}/Podfile.lock",
				"${PODS_ROOT}/Manifest.lock",
			);
			name = "[CP] Check Pods Manifest.lock";
			outputFileListPaths = (
			);
			outputPaths = (
				"$(DERIVED_FILE_DIR)/Pods-KotlinIOS-KotlinIOSUITests-checkManifestLockResult.txt",
			);
			runOnlyForDeploymentPostprocessing = 0;
			shellPath = /bin/sh;
			shellScript = "diff \"${PODS_PODFILE_DIR_PATH}/Podfile.lock\" \"${PODS_ROOT}/Manifest.lock\" > /dev/null\nif [ $? != 0 ] ; then\n    # print error to STDERR\n    echo \"error: The sandbox is not in sync with the Podfile.lock. Run 'pod install' or update your CocoaPods installation.\" >&2\n    exit 1\nfi\n# This output is used by Xcode 'outputs' to avoid re-running this script phase.\necho \"SUCCESS\" > \"${SCRIPT_OUTPUT_FILE_0}\"\n";
			showEnvVarsInLog = 0;
		};
		FB4AFE5291EA344AF9420D4C /* [CP] Embed Pods Frameworks */ = {
			isa = PBXShellScriptBuildPhase;
			buildActionMask = 2147483647;
			files = (
			);
			inputFileListPaths = (
				"${PODS_ROOT}/Target Support Files/Pods-KotlinIOS/Pods-KotlinIOS-frameworks-${CONFIGURATION}-input-files.xcfilelist",
			);
			name = "[CP] Embed Pods Frameworks";
			outputFileListPaths = (
				"${PODS_ROOT}/Target Support Files/Pods-KotlinIOS/Pods-KotlinIOS-frameworks-${CONFIGURATION}-output-files.xcfilelist",
			);
			runOnlyForDeploymentPostprocessing = 0;
			shellPath = /bin/sh;
			shellScript = "\"${PODS_ROOT}/Target Support Files/Pods-KotlinIOS/Pods-KotlinIOS-frameworks.sh\"\n";
			showEnvVarsInLog = 0;
		};
/* End PBXShellScriptBuildPhase section */

/* Begin PBXSourcesBuildPhase section */
		47729DFE22F447C800B9B36B /* Sources */ = {
			isa = PBXSourcesBuildPhase;
			buildActionMask = 2147483647;
			files = (
				2A25CADE23947E6200F3E779 /* IdeaViewDetailPriceBlock.swift in Sources */,
				2A480DA5236625D200894630 /* IdeaSample.swift in Sources */,
				2A9276CD238E222000DC6600 /* AnimatedBackground.swift in Sources */,
				2AF326202353F990006B3594 /* HomeView.swift in Sources */,
				78D206D823901ABA00348D63 /* NewIdeaView.swift in Sources */,
				2A25CAE2239483DA00F3E779 /* IdeaViewDetailThesisBlock.swift in Sources */,
				2A9276CF238E22C800DC6600 /* KotlinProjectLogo.swift in Sources */,
				D087775923512453007E4CC2 /* HomeViewListRow.swift in Sources */,
				D08777352350ED5B007E4CC2 /* HomeViewList.swift in Sources */,
				D04BA3F5238C598F0098F7F2 /* IdeaViewDetail.swift in Sources */,
				7831D28A2382FACB0096A4D5 /* TickerSearchViewModel.swift in Sources */,
				2AE129D6235C1570006C5329 /* Utils.swift in Sources */,
				D08777302350E362007E4CC2 /* IdeaViewModel.swift in Sources */,
				2A9276D323907A8E00DC6600 /* HomeViewListWithProgress.swift in Sources */,
				D087775723510B68007E4CC2 /* ContentView.swift in Sources */,
				1D0B036C2379FF5E00614430 /* GraphView.swift in Sources */,
				D087772B2350E296007E4CC2 /* IdeaModel.swift in Sources */,
				2A25CAE02394824300F3E779 /* IdeaViewDetailSecurityHeader.swift in Sources */,
				2AF3262423540FDE006B3594 /* HomeViewListRowNative.swift in Sources */,
				2AE129D12356952F006C5329 /* IdeaView.swift in Sources */,
				2AE129CF23556050006C5329 /* WelcomeView.swift in Sources */,
				47729E0622F447C800B9B36B /* AppDelegate.swift in Sources */,
				1D1972FC239AB37500BD5236 /* GraphViewModel.swift in Sources */,
				7831D2882382FAB20096A4D5 /* TickerSearchView.swift in Sources */,
				7831D28C238426810096A4D5 /* SearchBar.swift in Sources */,
				D087772D2350E2DC007E4CC2 /* Data.swift in Sources */,
				2AF326222353FD60006B3594 /* HomeViewListNative.swift in Sources */,
				2A9276D123903A9A00DC6600 /* ProgressView.swift in Sources */,
				D08777322350E3D3007E4CC2 /* SceneDelegate.swift in Sources */,
			);
			runOnlyForDeploymentPostprocessing = 0;
		};
		47729E1222F447CA00B9B36B /* Sources */ = {
			isa = PBXSourcesBuildPhase;
			buildActionMask = 2147483647;
			files = (
				47729E1B22F447CA00B9B36B /* KotlinIOSTests.swift in Sources */,
			);
			runOnlyForDeploymentPostprocessing = 0;
		};
		47729E1D22F447CA00B9B36B /* Sources */ = {
			isa = PBXSourcesBuildPhase;
			buildActionMask = 2147483647;
			files = (
				47729E2622F447CA00B9B36B /* KotlinIOSUITests.swift in Sources */,
			);
			runOnlyForDeploymentPostprocessing = 0;
		};
/* End PBXSourcesBuildPhase section */

/* Begin PBXTargetDependency section */
		47729E1822F447CA00B9B36B /* PBXTargetDependency */ = {
			isa = PBXTargetDependency;
			target = 47729E0122F447C800B9B36B /* KotlinIOS */;
			targetProxy = 47729E1722F447CA00B9B36B /* PBXContainerItemProxy */;
		};
		47729E2322F447CA00B9B36B /* PBXTargetDependency */ = {
			isa = PBXTargetDependency;
			target = 47729E0122F447C800B9B36B /* KotlinIOS */;
			targetProxy = 47729E2222F447CA00B9B36B /* PBXContainerItemProxy */;
		};
/* End PBXTargetDependency section */

/* Begin PBXVariantGroup section */
		47729E0E22F447CA00B9B36B /* LaunchScreen.storyboard */ = {
			isa = PBXVariantGroup;
			children = (
				47729E0F22F447CA00B9B36B /* Base */,
			);
			name = LaunchScreen.storyboard;
			sourceTree = "<group>";
		};
/* End PBXVariantGroup section */

/* Begin XCBuildConfiguration section */
		47729E2822F447CA00B9B36B /* Debug */ = {
			isa = XCBuildConfiguration;
			buildSettings = {
				ALWAYS_SEARCH_USER_PATHS = NO;
				CLANG_ANALYZER_NONNULL = YES;
				CLANG_ANALYZER_NUMBER_OBJECT_CONVERSION = YES_AGGRESSIVE;
				CLANG_CXX_LANGUAGE_STANDARD = "gnu++14";
				CLANG_CXX_LIBRARY = "libc++";
				CLANG_ENABLE_MODULES = YES;
				CLANG_ENABLE_OBJC_ARC = YES;
				CLANG_ENABLE_OBJC_WEAK = YES;
				CLANG_WARN_BLOCK_CAPTURE_AUTORELEASING = YES;
				CLANG_WARN_BOOL_CONVERSION = YES;
				CLANG_WARN_COMMA = YES;
				CLANG_WARN_CONSTANT_CONVERSION = YES;
				CLANG_WARN_DEPRECATED_OBJC_IMPLEMENTATIONS = YES;
				CLANG_WARN_DIRECT_OBJC_ISA_USAGE = YES_ERROR;
				CLANG_WARN_DOCUMENTATION_COMMENTS = YES;
				CLANG_WARN_EMPTY_BODY = YES;
				CLANG_WARN_ENUM_CONVERSION = YES;
				CLANG_WARN_INFINITE_RECURSION = YES;
				CLANG_WARN_INT_CONVERSION = YES;
				CLANG_WARN_NON_LITERAL_NULL_CONVERSION = YES;
				CLANG_WARN_OBJC_IMPLICIT_RETAIN_SELF = YES;
				CLANG_WARN_OBJC_LITERAL_CONVERSION = YES;
				CLANG_WARN_OBJC_ROOT_CLASS = YES_ERROR;
				CLANG_WARN_RANGE_LOOP_ANALYSIS = YES;
				CLANG_WARN_STRICT_PROTOTYPES = YES;
				CLANG_WARN_SUSPICIOUS_MOVE = YES;
				CLANG_WARN_UNGUARDED_AVAILABILITY = YES_AGGRESSIVE;
				CLANG_WARN_UNREACHABLE_CODE = YES;
				CLANG_WARN__DUPLICATE_METHOD_MATCH = YES;
				CODE_SIGN_IDENTITY = "iPhone Developer";
				COPY_PHASE_STRIP = NO;
				DEBUG_INFORMATION_FORMAT = dwarf;
				ENABLE_STRICT_OBJC_MSGSEND = YES;
				ENABLE_TESTABILITY = YES;
				GCC_C_LANGUAGE_STANDARD = gnu11;
				GCC_DYNAMIC_NO_PIC = NO;
				GCC_NO_COMMON_BLOCKS = YES;
				GCC_OPTIMIZATION_LEVEL = 0;
				GCC_PREPROCESSOR_DEFINITIONS = (
					"DEBUG=1",
					"$(inherited)",
				);
				GCC_WARN_64_TO_32_BIT_CONVERSION = YES;
				GCC_WARN_ABOUT_RETURN_TYPE = YES_ERROR;
				GCC_WARN_UNDECLARED_SELECTOR = YES;
				GCC_WARN_UNINITIALIZED_AUTOS = YES_AGGRESSIVE;
				GCC_WARN_UNUSED_FUNCTION = YES;
				GCC_WARN_UNUSED_VARIABLE = YES;
				IPHONEOS_DEPLOYMENT_TARGET = 13.1;
				MTL_ENABLE_DEBUG_INFO = INCLUDE_SOURCE;
				MTL_FAST_MATH = YES;
				ONLY_ACTIVE_ARCH = YES;
				SDKROOT = iphoneos;
				SWIFT_ACTIVE_COMPILATION_CONDITIONS = DEBUG;
				SWIFT_OPTIMIZATION_LEVEL = "-Onone";
			};
			name = Debug;
		};
		47729E2922F447CA00B9B36B /* Release */ = {
			isa = XCBuildConfiguration;
			buildSettings = {
				ALWAYS_SEARCH_USER_PATHS = NO;
				CLANG_ANALYZER_NONNULL = YES;
				CLANG_ANALYZER_NUMBER_OBJECT_CONVERSION = YES_AGGRESSIVE;
				CLANG_CXX_LANGUAGE_STANDARD = "gnu++14";
				CLANG_CXX_LIBRARY = "libc++";
				CLANG_ENABLE_MODULES = YES;
				CLANG_ENABLE_OBJC_ARC = YES;
				CLANG_ENABLE_OBJC_WEAK = YES;
				CLANG_WARN_BLOCK_CAPTURE_AUTORELEASING = YES;
				CLANG_WARN_BOOL_CONVERSION = YES;
				CLANG_WARN_COMMA = YES;
				CLANG_WARN_CONSTANT_CONVERSION = YES;
				CLANG_WARN_DEPRECATED_OBJC_IMPLEMENTATIONS = YES;
				CLANG_WARN_DIRECT_OBJC_ISA_USAGE = YES_ERROR;
				CLANG_WARN_DOCUMENTATION_COMMENTS = YES;
				CLANG_WARN_EMPTY_BODY = YES;
				CLANG_WARN_ENUM_CONVERSION = YES;
				CLANG_WARN_INFINITE_RECURSION = YES;
				CLANG_WARN_INT_CONVERSION = YES;
				CLANG_WARN_NON_LITERAL_NULL_CONVERSION = YES;
				CLANG_WARN_OBJC_IMPLICIT_RETAIN_SELF = YES;
				CLANG_WARN_OBJC_LITERAL_CONVERSION = YES;
				CLANG_WARN_OBJC_ROOT_CLASS = YES_ERROR;
				CLANG_WARN_RANGE_LOOP_ANALYSIS = YES;
				CLANG_WARN_STRICT_PROTOTYPES = YES;
				CLANG_WARN_SUSPICIOUS_MOVE = YES;
				CLANG_WARN_UNGUARDED_AVAILABILITY = YES_AGGRESSIVE;
				CLANG_WARN_UNREACHABLE_CODE = YES;
				CLANG_WARN__DUPLICATE_METHOD_MATCH = YES;
				CODE_SIGN_IDENTITY = "iPhone Developer";
				COPY_PHASE_STRIP = NO;
				DEBUG_INFORMATION_FORMAT = "dwarf-with-dsym";
				ENABLE_NS_ASSERTIONS = NO;
				ENABLE_STRICT_OBJC_MSGSEND = YES;
				GCC_C_LANGUAGE_STANDARD = gnu11;
				GCC_NO_COMMON_BLOCKS = YES;
				GCC_WARN_64_TO_32_BIT_CONVERSION = YES;
				GCC_WARN_ABOUT_RETURN_TYPE = YES_ERROR;
				GCC_WARN_UNDECLARED_SELECTOR = YES;
				GCC_WARN_UNINITIALIZED_AUTOS = YES_AGGRESSIVE;
				GCC_WARN_UNUSED_FUNCTION = YES;
				GCC_WARN_UNUSED_VARIABLE = YES;
				IPHONEOS_DEPLOYMENT_TARGET = 13.1;
				MTL_ENABLE_DEBUG_INFO = NO;
				MTL_FAST_MATH = YES;
				SDKROOT = iphoneos;
				SWIFT_COMPILATION_MODE = wholemodule;
				SWIFT_OPTIMIZATION_LEVEL = "-O";
				VALIDATE_PRODUCT = YES;
			};
			name = Release;
		};
		47729E2B22F447CA00B9B36B /* Debug */ = {
			isa = XCBuildConfiguration;
			baseConfigurationReference = E0C8F6AD955A6E60063470C4 /* Pods-KotlinIOS.debug.xcconfig */;
			buildSettings = {
				ASSETCATALOG_COMPILER_APPICON_NAME = AppIcon;
				CODE_SIGN_STYLE = Automatic;
				DEVELOPMENT_TEAM = GD4G9TGE9T;
				FRAMEWORK_SEARCH_PATHS = (
					"$(SRCROOT)/../../SharedCode/build/xcode-frameworks",
					"$(inherited)",
					"$(PROJECT_DIR)",
				);
				INFOPLIST_FILE = KotlinIOS/Info.plist;
				IPHONEOS_DEPLOYMENT_TARGET = 13.1;
				LD_RUNPATH_SEARCH_PATHS = (
					"$(inherited)",
					"@executable_path/Frameworks",
				);
				PRODUCT_BUNDLE_IDENTIFIER = com.kinsight.alphaca;
				PRODUCT_NAME = "$(TARGET_NAME)";
				SWIFT_VERSION = 5.0;
				TARGETED_DEVICE_FAMILY = "1,2";
			};
			name = Debug;
		};
		47729E2C22F447CA00B9B36B /* Release */ = {
			isa = XCBuildConfiguration;
			baseConfigurationReference = CE297BF4C6ACDAE1F331FDFA /* Pods-KotlinIOS.release.xcconfig */;
			buildSettings = {
				ASSETCATALOG_COMPILER_APPICON_NAME = AppIcon;
				CODE_SIGN_STYLE = Automatic;
				DEVELOPMENT_TEAM = GD4G9TGE9T;
				FRAMEWORK_SEARCH_PATHS = (
					"$(SRCROOT)/../../SharedCode/build/xcode-frameworks",
					"$(inherited)",
				);
				INFOPLIST_FILE = KotlinIOS/Info.plist;
				IPHONEOS_DEPLOYMENT_TARGET = 13.1;
				LD_RUNPATH_SEARCH_PATHS = (
					"$(inherited)",
					"@executable_path/Frameworks",
				);
				PRODUCT_BUNDLE_IDENTIFIER = com.kinsight.alphaca;
				PRODUCT_NAME = "$(TARGET_NAME)";
				SWIFT_VERSION = 5.0;
				TARGETED_DEVICE_FAMILY = "1,2";
			};
			name = Release;
		};
		47729E2E22F447CA00B9B36B /* Debug */ = {
			isa = XCBuildConfiguration;
			baseConfigurationReference = EBCDE65BA9049A8369A87208 /* Pods-KotlinIOSTests.debug.xcconfig */;
			buildSettings = {
				ALWAYS_EMBED_SWIFT_STANDARD_LIBRARIES = YES;
				BUNDLE_LOADER = "$(TEST_HOST)";
				CODE_SIGN_STYLE = Automatic;
				INFOPLIST_FILE = KotlinIOSTests/Info.plist;
				LD_RUNPATH_SEARCH_PATHS = (
					"$(inherited)",
					"@executable_path/Frameworks",
					"@loader_path/Frameworks",
				);
				NEW_SETTING = "";
				PRODUCT_BUNDLE_IDENTIFIER = com.jetbrains.handson.mpp.mobile.KotlinIOSTests;
				PRODUCT_NAME = "$(TARGET_NAME)";
				SWIFT_VERSION = 5.0;
				TARGETED_DEVICE_FAMILY = "1,2";
				TEST_HOST = "$(BUILT_PRODUCTS_DIR)/KotlinIOS.app/KotlinIOS";
			};
			name = Debug;
		};
		47729E2F22F447CA00B9B36B /* Release */ = {
			isa = XCBuildConfiguration;
			baseConfigurationReference = 496AF2B30F4EF28D98FBC27F /* Pods-KotlinIOSTests.release.xcconfig */;
			buildSettings = {
				ALWAYS_EMBED_SWIFT_STANDARD_LIBRARIES = YES;
				BUNDLE_LOADER = "$(TEST_HOST)";
				CODE_SIGN_STYLE = Automatic;
				INFOPLIST_FILE = KotlinIOSTests/Info.plist;
				LD_RUNPATH_SEARCH_PATHS = (
					"$(inherited)",
					"@executable_path/Frameworks",
					"@loader_path/Frameworks",
				);
				NEW_SETTING = "";
				PRODUCT_BUNDLE_IDENTIFIER = com.jetbrains.handson.mpp.mobile.KotlinIOSTests;
				PRODUCT_NAME = "$(TARGET_NAME)";
				SWIFT_VERSION = 5.0;
				TARGETED_DEVICE_FAMILY = "1,2";
				TEST_HOST = "$(BUILT_PRODUCTS_DIR)/KotlinIOS.app/KotlinIOS";
			};
			name = Release;
		};
		47729E3122F447CA00B9B36B /* Debug */ = {
			isa = XCBuildConfiguration;
			baseConfigurationReference = 78004EEF4A43165255C95AFC /* Pods-KotlinIOS-KotlinIOSUITests.debug.xcconfig */;
			buildSettings = {
				ALWAYS_EMBED_SWIFT_STANDARD_LIBRARIES = YES;
				CODE_SIGN_STYLE = Automatic;
				INFOPLIST_FILE = KotlinIOSUITests/Info.plist;
				LD_RUNPATH_SEARCH_PATHS = (
					"$(inherited)",
					"@executable_path/Frameworks",
					"@loader_path/Frameworks",
				);
				PRODUCT_BUNDLE_IDENTIFIER = com.jetbrains.handson.mpp.mobile.KotlinIOSUITests;
				PRODUCT_NAME = "$(TARGET_NAME)";
				SWIFT_VERSION = 5.0;
				TARGETED_DEVICE_FAMILY = "1,2";
				TEST_TARGET_NAME = KotlinIOS;
			};
			name = Debug;
		};
		47729E3222F447CA00B9B36B /* Release */ = {
			isa = XCBuildConfiguration;
			baseConfigurationReference = 96ABD00FE6EBA474897CA94A /* Pods-KotlinIOS-KotlinIOSUITests.release.xcconfig */;
			buildSettings = {
				ALWAYS_EMBED_SWIFT_STANDARD_LIBRARIES = YES;
				CODE_SIGN_STYLE = Automatic;
				INFOPLIST_FILE = KotlinIOSUITests/Info.plist;
				LD_RUNPATH_SEARCH_PATHS = (
					"$(inherited)",
					"@executable_path/Frameworks",
					"@loader_path/Frameworks",
				);
				PRODUCT_BUNDLE_IDENTIFIER = com.jetbrains.handson.mpp.mobile.KotlinIOSUITests;
				PRODUCT_NAME = "$(TARGET_NAME)";
				SWIFT_VERSION = 5.0;
				TARGETED_DEVICE_FAMILY = "1,2";
				TEST_TARGET_NAME = KotlinIOS;
			};
			name = Release;
		};
/* End XCBuildConfiguration section */

/* Begin XCConfigurationList section */
		47729DFD22F447C800B9B36B /* Build configuration list for PBXProject "KotlinIOS" */ = {
			isa = XCConfigurationList;
			buildConfigurations = (
				47729E2822F447CA00B9B36B /* Debug */,
				47729E2922F447CA00B9B36B /* Release */,
			);
			defaultConfigurationIsVisible = 0;
			defaultConfigurationName = Release;
		};
		47729E2A22F447CA00B9B36B /* Build configuration list for PBXNativeTarget "KotlinIOS" */ = {
			isa = XCConfigurationList;
			buildConfigurations = (
				47729E2B22F447CA00B9B36B /* Debug */,
				47729E2C22F447CA00B9B36B /* Release */,
			);
			defaultConfigurationIsVisible = 0;
			defaultConfigurationName = Release;
		};
		47729E2D22F447CA00B9B36B /* Build configuration list for PBXNativeTarget "KotlinIOSTests" */ = {
			isa = XCConfigurationList;
			buildConfigurations = (
				47729E2E22F447CA00B9B36B /* Debug */,
				47729E2F22F447CA00B9B36B /* Release */,
			);
			defaultConfigurationIsVisible = 0;
			defaultConfigurationName = Release;
		};
		47729E3022F447CA00B9B36B /* Build configuration list for PBXNativeTarget "KotlinIOSUITests" */ = {
			isa = XCConfigurationList;
			buildConfigurations = (
				47729E3122F447CA00B9B36B /* Debug */,
				47729E3222F447CA00B9B36B /* Release */,
			);
			defaultConfigurationIsVisible = 0;
			defaultConfigurationName = Release;
		};
/* End XCConfigurationList section */
	};
	rootObject = 47729DFA22F447C800B9B36B /* Project object */;
}
